
Microsoft Visual Studio Solution File, Format Version 12.00
# Visual Studio Version 16
VisualStudioVersion = 16.0.30804.86
MinimumVisualStudioVersion = 10.0.40219.1
Project("{9A19103F-16F7-4668-BE54-9A1E7A4F7556}") = "RpcClient", "..\..\Source\RpcClient\RpcClient.csproj", "{0940F99D-BE54-42BF-BCEF-1D02D76BBB0C}"
EndProject
Project("{9A19103F-16F7-4668-BE54-9A1E7A4F7556}") = "RpcModel", "..\..\Source\RpcModel\RpcModel.csproj", "{1A40F82F-5726-4B95-A690-9C13BFC44319}"
EndProject
Project("{9A19103F-16F7-4668-BE54-9A1E7A4F7556}") = "RpcCacheClient", "..\..\Source\RpcCacheClient\RpcCacheClient.csproj", "{437C1919-C911-478D-B443-B6878B0D9334}"
EndProject
Project("{9A19103F-16F7-4668-BE54-9A1E7A4F7556}") = "SocketTcpServer", "..\..\Source\SocketTcpServer\SocketTcpServer.csproj", "{598E0D82-D1BC-4075-9A90-66D1DA2210DE}"
EndProject
Project("{9A19103F-16F7-4668-BE54-9A1E7A4F7556}") = "SocketTcpClient", "..\..\Source\SocketTcpClient\SocketTcpClient.csproj", "{73D3DA6D-2B7D-4CC2-8299-D33016C81D57}"
EndProject
Project("{9A19103F-16F7-4668-BE54-9A1E7A4F7556}") = "SocketBuffer", "..\..\Source\SocketBuffer\SocketBuffer.csproj", "{FFF0ED12-900C-45D5-95ED-DDEB86941E65}"
EndProject
Project("{9A19103F-16F7-4668-BE54-9A1E7A4F7556}") = "Wedonek.Demo.Service", "Wedonek.Demo.Service\Wedonek.Demo.Service.csproj", "{3A2C3969-943C-4811-8E18-B2987DB199EB}"
EndProject
Project("{9A19103F-16F7-4668-BE54-9A1E7A4F7556}") = "Wedonek.Demo.RemoteModel", "Wedonek.Demo.RemoteModel\Wedonek.Demo.RemoteModel.csproj", "{6BFADB10-5C3F-4A38-9633-EB590ADC7C6D}"
EndProject
Project("{9A19103F-16F7-4668-BE54-9A1E7A4F7556}") = "Wedonek.Demo.User.Service", "Wedonek.Demo.User.Service\Wedonek.Demo.User.Service.csproj", "{FCC37E98-B6A3-4B46-B8EF-C968A1FF65DC}"
EndProject
Project("{9A19103F-16F7-4668-BE54-9A1E7A4F7556}") = "Wedonek.OrderService", "Wedonek.OrderService\Wedonek.OrderService.csproj", "{6450246F-6801-4F44-8A29-189DA18317AA}"
EndProject
Project("{9A19103F-16F7-4668-BE54-9A1E7A4F7556}") = "Wedonek.UserService", "Wedonek.UserService\Wedonek.UserService.csproj", "{6C26F19A-8349-4C83-82FA-475308B5A94C}"
EndProject
Project("{9A19103F-16F7-4668-BE54-9A1E7A4F7556}") = "Wedonek.Gateway.Modular", "Wedonek.Gateway.Modular\Wedonek.Gateway.Modular.csproj", "{602B6881-2E2F-4876-AFF7-61996D611CA0}"
EndProject
Project("{9A19103F-16F7-4668-BE54-9A1E7A4F7556}") = "HttpApiGateway", "..\..\Source\HttpApiGateway\HttpApiGateway\HttpApiGateway.csproj", "{765D20F0-D854-40B3-A40C-92082E9BAFE3}"
EndProject
Project("{9A19103F-16F7-4668-BE54-9A1E7A4F7556}") = "HttpService", "..\..\Source\HttpApiGateway\HttpService\HttpService.csproj", "{8E43E37D-87F2-4519-8685-28C8DECA3A8B}"
EndProject
Project("{9A19103F-16F7-4668-BE54-9A1E7A4F7556}") = "HttpApiDocHelper", "..\..\Source\HttpApiGateway\HttpApiDocHelper\HttpApiDocHelper.csproj", "{5CD7763D-DB4A-43A2-999A-BE86BA283166}"
EndProject
Project("{9A19103F-16F7-4668-BE54-9A1E7A4F7556}") = "Wedonek.Gateway", "Wedonek.Gateway\Wedonek.Gateway.csproj", "{258A10BB-4CE5-47C1-9E7A-B6CCB1E4002C}"
EndProject
Project("{2150E333-8FDC-42A3-9474-1A3956D46DE8}") = "assembly", "assembly", "{58F06D2B-56EB-4CD6-8759-9E5291020CF9}"
EndProject
Project("{2150E333-8FDC-42A3-9474-1A3956D46DE8}") = "demo_gateway", "demo_gateway", "{9EEB6FD0-59D8-45A8-99CD-D25C4626E036}"
EndProject
Project("{2150E333-8FDC-42A3-9474-1A3956D46DE8}") = "demo_order", "demo_order", "{BD5A52ED-1826-4B95-9874-B48AF2681632}"
EndProject
Project("{2150E333-8FDC-42A3-9474-1A3956D46DE8}") = "demo_user", "demo_user", "{AACCD27E-DC11-4CEA-AD16-062956AFD7CA}"
EndProject
Project("{2150E333-8FDC-42A3-9474-1A3956D46DE8}") = "demo_model", "demo_model", "{945D68CF-877F-4C62-9AD1-229C70DADDAF}"
EndProject
Project("{9A19103F-16F7-4668-BE54-9A1E7A4F7556}") = "RpcModularModel", "..\..\Source\RpcModularModel\RpcModularModel.csproj", "{8768064A-9333-428F-AB17-DD899674C7ED}"
EndProject
Project("{9A19103F-16F7-4668-BE54-9A1E7A4F7556}") = "RpcModular", "..\..\Source\RpcModular\RpcModular.csproj", "{5086D7F5-D502-4427-AF3A-A7C7D043B7E0}"
EndProject
Project("{9A19103F-16F7-4668-BE54-9A1E7A4F7556}") = "ApiGateway", "..\..\Source\ApiGateway\ApiGateway.csproj", "{3A3F3829-85E8-49AB-B7E1-D6FEE951E02D}"
EndProject
Project("{9A19103F-16F7-4668-BE54-9A1E7A4F7556}") = "HttpWebSocket", "..\..\Source\HttpWebSocket\HttpWebSocket.csproj", "{34F99D3D-9CBA-4251-B430-B6AA843B4728}"
EndProject
Project("{9A19103F-16F7-4668-BE54-9A1E7A4F7556}") = "WebSocketGateway", "..\..\Source\WebSocketGateway\WebSocketGateway.csproj", "{150DE71B-E6D8-443F-91C3-5546C03BCBBB}"
EndProject
Project("{9A19103F-16F7-4668-BE54-9A1E7A4F7556}") = "Wedonek.Gateway.WebSocket", "Wedonek.Gateway.WebSocket\Wedonek.Gateway.WebSocket.csproj", "{DEDD90BF-DAD3-4F91-ACC6-51E821BC6F61}"
EndProject
Project("{9A19103F-16F7-4668-BE54-9A1E7A4F7556}") = "RpcHelper", "..\..\Source\RpcHelper\RpcHelper.csproj", "{3E27FF79-F733-4A7E-85BD-2CB181812E25}"
EndProject
Global
	GlobalSection(SolutionConfigurationPlatforms) = preSolution
		Debug|Any CPU = Debug|Any CPU
		Release|Any CPU = Release|Any CPU
	EndGlobalSection
	GlobalSection(ProjectConfigurationPlatforms) = postSolution
		{0940F99D-BE54-42BF-BCEF-1D02D76BBB0C}.Debug|Any CPU.ActiveCfg = Debug|Any CPU
		{0940F99D-BE54-42BF-BCEF-1D02D76BBB0C}.Debug|Any CPU.Build.0 = Debug|Any CPU
		{0940F99D-BE54-42BF-BCEF-1D02D76BBB0C}.Release|Any CPU.ActiveCfg = Release|Any CPU
		{0940F99D-BE54-42BF-BCEF-1D02D76BBB0C}.Release|Any CPU.Build.0 = Release|Any CPU
		{1A40F82F-5726-4B95-A690-9C13BFC44319}.Debug|Any CPU.ActiveCfg = Debug|Any CPU
		{1A40F82F-5726-4B95-A690-9C13BFC44319}.Debug|Any CPU.Build.0 = Debug|Any CPU
		{1A40F82F-5726-4B95-A690-9C13BFC44319}.Release|Any CPU.ActiveCfg = Release|Any CPU
		{1A40F82F-5726-4B95-A690-9C13BFC44319}.Release|Any CPU.Build.0 = Release|Any CPU
		{437C1919-C911-478D-B443-B6878B0D9334}.Debug|Any CPU.ActiveCfg = Debug|Any CPU
		{437C1919-C911-478D-B443-B6878B0D9334}.Debug|Any CPU.Build.0 = Debug|Any CPU
		{437C1919-C911-478D-B443-B6878B0D9334}.Release|Any CPU.ActiveCfg = Release|Any CPU
		{437C1919-C911-478D-B443-B6878B0D9334}.Release|Any CPU.Build.0 = Release|Any CPU
		{598E0D82-D1BC-4075-9A90-66D1DA2210DE}.Debug|Any CPU.ActiveCfg = Debug|Any CPU
		{598E0D82-D1BC-4075-9A90-66D1DA2210DE}.Debug|Any CPU.Build.0 = Debug|Any CPU
		{598E0D82-D1BC-4075-9A90-66D1DA2210DE}.Release|Any CPU.ActiveCfg = Release|Any CPU
		{598E0D82-D1BC-4075-9A90-66D1DA2210DE}.Release|Any CPU.Build.0 = Release|Any CPU
		{73D3DA6D-2B7D-4CC2-8299-D33016C81D57}.Debug|Any CPU.ActiveCfg = Debug|Any CPU
		{73D3DA6D-2B7D-4CC2-8299-D33016C81D57}.Debug|Any CPU.Build.0 = Debug|Any CPU
		{73D3DA6D-2B7D-4CC2-8299-D33016C81D57}.Release|Any CPU.ActiveCfg = Release|Any CPU
		{73D3DA6D-2B7D-4CC2-8299-D33016C81D57}.Release|Any CPU.Build.0 = Release|Any CPU
		{FFF0ED12-900C-45D5-95ED-DDEB86941E65}.Debug|Any CPU.ActiveCfg = Debug|Any CPU
		{FFF0ED12-900C-45D5-95ED-DDEB86941E65}.Debug|Any CPU.Build.0 = Debug|Any CPU
		{FFF0ED12-900C-45D5-95ED-DDEB86941E65}.Release|Any CPU.ActiveCfg = Release|Any CPU
		{FFF0ED12-900C-45D5-95ED-DDEB86941E65}.Release|Any CPU.Build.0 = Release|Any CPU
		{3A2C3969-943C-4811-8E18-B2987DB199EB}.Debug|Any CPU.ActiveCfg = Debug|Any CPU
		{3A2C3969-943C-4811-8E18-B2987DB199EB}.Debug|Any CPU.Build.0 = Debug|Any CPU
		{3A2C3969-943C-4811-8E18-B2987DB199EB}.Release|Any CPU.ActiveCfg = Release|Any CPU
		{3A2C3969-943C-4811-8E18-B2987DB199EB}.Release|Any CPU.Build.0 = Release|Any CPU
		{6BFADB10-5C3F-4A38-9633-EB590ADC7C6D}.Debug|Any CPU.ActiveCfg = Debug|Any CPU
		{6BFADB10-5C3F-4A38-9633-EB590ADC7C6D}.Debug|Any CPU.Build.0 = Debug|Any CPU
		{6BFADB10-5C3F-4A38-9633-EB590ADC7C6D}.Release|Any CPU.ActiveCfg = Release|Any CPU
		{6BFADB10-5C3F-4A38-9633-EB590ADC7C6D}.Release|Any CPU.Build.0 = Release|Any CPU
		{FCC37E98-B6A3-4B46-B8EF-C968A1FF65DC}.Debug|Any CPU.ActiveCfg = Debug|Any CPU
		{FCC37E98-B6A3-4B46-B8EF-C968A1FF65DC}.Debug|Any CPU.Build.0 = Debug|Any CPU
		{FCC37E98-B6A3-4B46-B8EF-C968A1FF65DC}.Release|Any CPU.ActiveCfg = Release|Any CPU
		{FCC37E98-B6A3-4B46-B8EF-C968A1FF65DC}.Release|Any CPU.Build.0 = Release|Any CPU
		{6450246F-6801-4F44-8A29-189DA18317AA}.Debug|Any CPU.ActiveCfg = Debug|Any CPU
		{6450246F-6801-4F44-8A29-189DA18317AA}.Debug|Any CPU.Build.0 = Debug|Any CPU
		{6450246F-6801-4F44-8A29-189DA18317AA}.Release|Any CPU.ActiveCfg = Release|Any CPU
		{6450246F-6801-4F44-8A29-189DA18317AA}.Release|Any CPU.Build.0 = Release|Any CPU
		{6C26F19A-8349-4C83-82FA-475308B5A94C}.Debug|Any CPU.ActiveCfg = Debug|Any CPU
		{6C26F19A-8349-4C83-82FA-475308B5A94C}.Debug|Any CPU.Build.0 = Debug|Any CPU
		{6C26F19A-8349-4C83-82FA-475308B5A94C}.Release|Any CPU.ActiveCfg = Release|Any CPU
		{6C26F19A-8349-4C83-82FA-475308B5A94C}.Release|Any CPU.Build.0 = Release|Any CPU
		{602B6881-2E2F-4876-AFF7-61996D611CA0}.Debug|Any CPU.ActiveCfg = Debug|Any CPU
		{602B6881-2E2F-4876-AFF7-61996D611CA0}.Debug|Any CPU.Build.0 = Debug|Any CPU
		{602B6881-2E2F-4876-AFF7-61996D611CA0}.Release|Any CPU.ActiveCfg = Release|Any CPU
		{602B6881-2E2F-4876-AFF7-61996D611CA0}.Release|Any CPU.Build.0 = Release|Any CPU
		{765D20F0-D854-40B3-A40C-92082E9BAFE3}.Debug|Any CPU.ActiveCfg = Debug|Any CPU
		{765D20F0-D854-40B3-A40C-92082E9BAFE3}.Debug|Any CPU.Build.0 = Debug|Any CPU
		{765D20F0-D854-40B3-A40C-92082E9BAFE3}.Release|Any CPU.ActiveCfg = Release|Any CPU
		{765D20F0-D854-40B3-A40C-92082E9BAFE3}.Release|Any CPU.Build.0 = Release|Any CPU
		{8E43E37D-87F2-4519-8685-28C8DECA3A8B}.Debug|Any CPU.ActiveCfg = Debug|Any CPU
		{8E43E37D-87F2-4519-8685-28C8DECA3A8B}.Debug|Any CPU.Build.0 = Debug|Any CPU
		{8E43E37D-87F2-4519-8685-28C8DECA3A8B}.Release|Any CPU.ActiveCfg = Release|Any CPU
		{8E43E37D-87F2-4519-8685-28C8DECA3A8B}.Release|Any CPU.Build.0 = Release|Any CPU
		{5CD7763D-DB4A-43A2-999A-BE86BA283166}.Debug|Any CPU.ActiveCfg = Debug|Any CPU
		{5CD7763D-DB4A-43A2-999A-BE86BA283166}.Debug|Any CPU.Build.0 = Debug|Any CPU
		{5CD7763D-DB4A-43A2-999A-BE86BA283166}.Release|Any CPU.ActiveCfg = Release|Any CPU
		{5CD7763D-DB4A-43A2-999A-BE86BA283166}.Release|Any CPU.Build.0 = Release|Any CPU
		{258A10BB-4CE5-47C1-9E7A-B6CCB1E4002C}.Debug|Any CPU.ActiveCfg = Debug|Any CPU
		{258A10BB-4CE5-47C1-9E7A-B6CCB1E4002C}.Debug|Any CPU.Build.0 = Debug|Any CPU
		{258A10BB-4CE5-47C1-9E7A-B6CCB1E4002C}.Release|Any CPU.ActiveCfg = Release|Any CPU
		{258A10BB-4CE5-47C1-9E7A-B6CCB1E4002C}.Release|Any CPU.Build.0 = Release|Any CPU
		{8768064A-9333-428F-AB17-DD899674C7ED}.Debug|Any CPU.ActiveCfg = Debug|Any CPU
		{8768064A-9333-428F-AB17-DD899674C7ED}.Debug|Any CPU.Build.0 = Debug|Any CPU
		{8768064A-9333-428F-AB17-DD899674C7ED}.Release|Any CPU.ActiveCfg = Release|Any CPU
		{8768064A-9333-428F-AB17-DD899674C7ED}.Release|Any CPU.Build.0 = Release|Any CPU
		{5086D7F5-D502-4427-AF3A-A7C7D043B7E0}.Debug|Any CPU.ActiveCfg = Debug|Any CPU
		{5086D7F5-D502-4427-AF3A-A7C7D043B7E0}.Debug|Any CPU.Build.0 = Debug|Any CPU
		{5086D7F5-D502-4427-AF3A-A7C7D043B7E0}.Release|Any CPU.ActiveCfg = Release|Any CPU
		{5086D7F5-D502-4427-AF3A-A7C7D043B7E0}.Release|Any CPU.Build.0 = Release|Any CPU
		{3A3F3829-85E8-49AB-B7E1-D6FEE951E02D}.Debug|Any CPU.ActiveCfg = Debug|Any CPU
		{3A3F3829-85E8-49AB-B7E1-D6FEE951E02D}.Debug|Any CPU.Build.0 = Debug|Any CPU
		{3A3F3829-85E8-49AB-B7E1-D6FEE951E02D}.Release|Any CPU.ActiveCfg = Release|Any CPU
		{3A3F3829-85E8-49AB-B7E1-D6FEE951E02D}.Release|Any CPU.Build.0 = Release|Any CPU
		{34F99D3D-9CBA-4251-B430-B6AA843B4728}.Debug|Any CPU.ActiveCfg = Debug|Any CPU
		{34F99D3D-9CBA-4251-B430-B6AA843B4728}.Debug|Any CPU.Build.0 = Debug|Any CPU
		{34F99D3D-9CBA-4251-B430-B6AA843B4728}.Release|Any CPU.ActiveCfg = Release|Any CPU
		{34F99D3D-9CBA-4251-B430-B6AA843B4728}.Release|Any CPU.Build.0 = Release|Any CPU
		{150DE71B-E6D8-443F-91C3-5546C03BCBBB}.Debug|Any CPU.ActiveCfg = Debug|Any CPU
		{150DE71B-E6D8-443F-91C3-5546C03BCBBB}.Debug|Any CPU.Build.0 = Debug|Any CPU
		{150DE71B-E6D8-443F-91C3-5546C03BCBBB}.Release|Any CPU.ActiveCfg = Release|Any CPU
		{150DE71B-E6D8-443F-91C3-5546C03BCBBB}.Release|Any CPU.Build.0 = Release|Any CPU
		{DEDD90BF-DAD3-4F91-ACC6-51E821BC6F61}.Debug|Any CPU.ActiveCfg = Debug|Any CPU
		{DEDD90BF-DAD3-4F91-ACC6-51E821BC6F61}.Debug|Any CPU.Build.0 = Debug|Any CPU
		{DEDD90BF-DAD3-4F91-ACC6-51E821BC6F61}.Release|Any CPU.ActiveCfg = Release|Any CPU
		{DEDD90BF-DAD3-4F91-ACC6-51E821BC6F61}.Release|Any CPU.Build.0 = Release|Any CPU
		{3E27FF79-F733-4A7E-85BD-2CB181812E25}.Debug|Any CPU.ActiveCfg = Debug|Any CPU
		{3E27FF79-F733-4A7E-85BD-2CB181812E25}.Debug|Any CPU.Build.0 = Debug|Any CPU
		{3E27FF79-F733-4A7E-85BD-2CB181812E25}.Release|Any CPU.ActiveCfg = Release|Any CPU
		{3E27FF79-F733-4A7E-85BD-2CB181812E25}.Release|Any CPU.Build.0 = Release|Any CPU
	EndGlobalSection
	GlobalSection(SolutionProperties) = preSolution
		HideSolutionNode = FALSE
	EndGlobalSection
	GlobalSection(NestedProjects) = preSolution
		{0940F99D-BE54-42BF-BCEF-1D02D76BBB0C} = {58F06D2B-56EB-4CD6-8759-9E5291020CF9}
		{1A40F82F-5726-4B95-A690-9C13BFC44319} = {58F06D2B-56EB-4CD6-8759-9E5291020CF9}
		{437C1919-C911-478D-B443-B6878B0D9334} = {58F06D2B-56EB-4CD6-8759-9E5291020CF9}
		{598E0D82-D1BC-4075-9A90-66D1DA2210DE} = {58F06D2B-56EB-4CD6-8759-9E5291020CF9}
		{73D3DA6D-2B7D-4CC2-8299-D33016C81D57} = {58F06D2B-56EB-4CD6-8759-9E5291020CF9}
		{FFF0ED12-900C-45D5-95ED-DDEB86941E65} = {58F06D2B-56EB-4CD6-8759-9E5291020CF9}
		{3A2C3969-943C-4811-8E18-B2987DB199EB} = {BD5A52ED-1826-4B95-9874-B48AF2681632}
		{6BFADB10-5C3F-4A38-9633-EB590ADC7C6D} = {945D68CF-877F-4C62-9AD1-229C70DADDAF}
		{FCC37E98-B6A3-4B46-B8EF-C968A1FF65DC} = {AACCD27E-DC11-4CEA-AD16-062956AFD7CA}
		{6450246F-6801-4F44-8A29-189DA18317AA} = {BD5A52ED-1826-4B95-9874-B48AF2681632}
		{6C26F19A-8349-4C83-82FA-475308B5A94C} = {AACCD27E-DC11-4CEA-AD16-062956AFD7CA}
		{602B6881-2E2F-4876-AFF7-61996D611CA0} = {9EEB6FD0-59D8-45A8-99CD-D25C4626E036}
		{765D20F0-D854-40B3-A40C-92082E9BAFE3} = {58F06D2B-56EB-4CD6-8759-9E5291020CF9}
		{8E43E37D-87F2-4519-8685-28C8DECA3A8B} = {58F06D2B-56EB-4CD6-8759-9E5291020CF9}
		{5CD7763D-DB4A-43A2-999A-BE86BA283166} = {58F06D2B-56EB-4CD6-8759-9E5291020CF9}
		{258A10BB-4CE5-47C1-9E7A-B6CCB1E4002C} = {9EEB6FD0-59D8-45A8-99CD-D25C4626E036}
		{8768064A-9333-428F-AB17-DD899674C7ED} = {58F06D2B-56EB-4CD6-8759-9E5291020CF9}
		{5086D7F5-D502-4427-AF3A-A7C7D043B7E0} = {58F06D2B-56EB-4CD6-8759-9E5291020CF9}
		{3A3F3829-85E8-49AB-B7E1-D6FEE951E02D} = {58F06D2B-56EB-4CD6-8759-9E5291020CF9}
		{34F99D3D-9CBA-4251-B430-B6AA843B4728} = {58F06D2B-56EB-4CD6-8759-9E5291020CF9}
		{150DE71B-E6D8-443F-91C3-5546C03BCBBB} = {58F06D2B-56EB-4CD6-8759-9E5291020CF9}
		{DEDD90BF-DAD3-4F91-ACC6-51E821BC6F61} = {9EEB6FD0-59D8-45A8-99CD-D25C4626E036}
		{3E27FF79-F733-4A7E-85BD-2CB181812E25} = {58F06D2B-56EB-4CD6-8759-9E5291020CF9}
	EndGlobalSection
	GlobalSection(ExtensibilityGlobals) = postSolution
		SolutionGuid = {598BAE7C-D6E1-4E9C-B961-EC2A2E3A2060}
	EndGlobalSection
EndGlobal
