
Microsoft Visual Studio Solution File, Format Version 12.00
# Visual Studio Version 17
VisualStudioVersion = 17.1.32407.343
MinimumVisualStudioVersion = 10.0.40219.1
Project("{9A19103F-16F7-4668-BE54-9A1E7A4F7556}") = "Wedonek.Demo.Service", "Wedonek.Demo.Service\Wedonek.Demo.Service.csproj", "{3A2C3969-943C-4811-8E18-B2987DB199EB}"
EndProject
Project("{9A19103F-16F7-4668-BE54-9A1E7A4F7556}") = "Wedonek.Demo.RemoteModel", "Wedonek.Demo.RemoteModel\Wedonek.Demo.RemoteModel.csproj", "{6BFADB10-5C3F-4A38-9633-EB590ADC7C6D}"
EndProject
Project("{9A19103F-16F7-4668-BE54-9A1E7A4F7556}") = "Wedonek.Demo.User.Service", "Wedonek.Demo.User.Service\Wedonek.Demo.User.Service.csproj", "{FCC37E98-B6A3-4B46-B8EF-C968A1FF65DC}"
EndProject
Project("{9A19103F-16F7-4668-BE54-9A1E7A4F7556}") = "Wedonek.OrderService", "Wedonek.OrderService\Wedonek.OrderService.csproj", "{6450246F-6801-4F44-8A29-189DA18317AA}"
EndProject
Project("{9A19103F-16F7-4668-BE54-9A1E7A4F7556}") = "Wedonek.UserService", "Wedonek.UserService\Wedonek.UserService.csproj", "{6C26F19A-8349-4C83-82FA-475308B5A94C}"
EndProject
Project("{9A19103F-16F7-4668-BE54-9A1E7A4F7556}") = "Wedonek.Gateway.Modular", "Wedonek.Gateway.Modular\Wedonek.Gateway.Modular.csproj", "{602B6881-2E2F-4876-AFF7-61996D611CA0}"
EndProject
Project("{9A19103F-16F7-4668-BE54-9A1E7A4F7556}") = "Wedonek.Gateway", "Wedonek.Gateway\Wedonek.Gateway.csproj", "{258A10BB-4CE5-47C1-9E7A-B6CCB1E4002C}"
EndProject
Project("{2150E333-8FDC-42A3-9474-1A3956D46DE8}") = "demo_gateway", "demo_gateway", "{9EEB6FD0-59D8-45A8-99CD-D25C4626E036}"
EndProject
Project("{2150E333-8FDC-42A3-9474-1A3956D46DE8}") = "demo_order", "demo_order", "{BD5A52ED-1826-4B95-9874-B48AF2681632}"
EndProject
Project("{2150E333-8FDC-42A3-9474-1A3956D46DE8}") = "demo_user", "demo_user", "{AACCD27E-DC11-4CEA-AD16-062956AFD7CA}"
EndProject
Project("{2150E333-8FDC-42A3-9474-1A3956D46DE8}") = "demo_model", "demo_model", "{945D68CF-877F-4C62-9AD1-229C70DADDAF}"
EndProject
Project("{9A19103F-16F7-4668-BE54-9A1E7A4F7556}") = "Wedonek.Gateway.WebSocket", "Wedonek.Gateway.WebSocket\Wedonek.Gateway.WebSocket.csproj", "{DEDD90BF-DAD3-4F91-ACC6-51E821BC6F61}"
EndProject
Project("{2150E333-8FDC-42A3-9474-1A3956D46DE8}") = "配置文件", "配置文件", "{59D0C733-860A-483F-ADC3-F589AB253A62}"
	ProjectSection(SolutionItems) = preProject
		Config.json = Config.json
	EndProjectSection
EndProject
Project("{2150E333-8FDC-42A3-9474-1A3956D46DE8}") = "client", "client", "{FCEB514F-9445-4001-B0BC-B162CB69E18C}"
EndProject
Project("{2150E333-8FDC-42A3-9474-1A3956D46DE8}") = "basic", "basic", "{E68E28BB-0A4D-4A2F-A28B-B1B7D33B33E0}"
EndProject
Project("{FAE04EC0-301F-11D3-BF4B-00C04F79EFBC}") = "WeDonekRpc.Client", "..\..\Source\Basic\WeDonekRpc.Client\WeDonekRpc.Client.csproj", "{0BFDD10D-A38C-4B41-B4A9-C5925F4F7218}"
EndProject
Project("{FAE04EC0-301F-11D3-BF4B-00C04F79EFBC}") = "WeDonekRpc.Helper", "..\..\Source\Basic\WeDonekRpc.Helper\WeDonekRpc.Helper.csproj", "{A1E73E47-F033-46AF-A4DA-D0F5C6C135CF}"
EndProject
Project("{FAE04EC0-301F-11D3-BF4B-00C04F79EFBC}") = "WeDonekRpc.Model", "..\..\Source\Basic\WeDonekRpc.Model\WeDonekRpc.Model.csproj", "{5281F3FC-E594-47CF-899E-31997FFCB841}"
EndProject
Project("{FAE04EC0-301F-11D3-BF4B-00C04F79EFBC}") = "WeDonekRpc.CacheModular", "..\..\Source\Basic\WeDonekRpc.CacheModular\WeDonekRpc.CacheModular.csproj", "{A08F1D1F-AB2E-444A-A393-A3887BF49501}"
EndProject
Project("{FAE04EC0-301F-11D3-BF4B-00C04F79EFBC}") = "WeDonekRpc.CacheClient", "..\..\Source\Basic\WeDonekRpc.CacheClient\WeDonekRpc.CacheClient.csproj", "{D633612B-FE91-4212-ABC4-D07C22CE7522}"
EndProject
Project("{2150E333-8FDC-42A3-9474-1A3956D46DE8}") = "cache", "cache", "{33A01B7C-35C4-4892-A519-E891747099E7}"
EndProject
Project("{FAE04EC0-301F-11D3-BF4B-00C04F79EFBC}") = "WeDonekRpc.ApiGateway", "..\..\Source\Gateway\WeDonekRpc.ApiGateway\WeDonekRpc.ApiGateway.csproj", "{F0FFAF72-4696-40D0-9385-5B692425C2FA}"
EndProject
Project("{2150E333-8FDC-42A3-9474-1A3956D46DE8}") = "gateway", "gateway", "{DF08B30E-5C55-4512-ABA0-CEA01DEDD1B6}"
EndProject
Project("{FAE04EC0-301F-11D3-BF4B-00C04F79EFBC}") = "WeDonekRpc.HttpApiDoc", "..\..\Source\Gateway\WeDonekRpc.HttpApiDoc\WeDonekRpc.HttpApiDoc.csproj", "{799BB2B1-A3E4-4FB9-B4E3-4B8C5FA728DE}"
EndProject
Project("{FAE04EC0-301F-11D3-BF4B-00C04F79EFBC}") = "WeDonekRpc.HttpApiGateway", "..\..\Source\Gateway\WeDonekRpc.HttpApiGateway\WeDonekRpc.HttpApiGateway.csproj", "{92A9F951-2C4A-4529-9F39-C2CAF3D3AC2F}"
EndProject
Project("{FAE04EC0-301F-11D3-BF4B-00C04F79EFBC}") = "WeDonekRpc.HttpService", "..\..\Source\Gateway\WeDonekRpc.HttpService\WeDonekRpc.HttpService.csproj", "{FCEBDF65-C8C3-4BFB-9235-1281FBDEF9CD}"
EndProject
Project("{FAE04EC0-301F-11D3-BF4B-00C04F79EFBC}") = "WeDonekRpc.HttpWebSocket", "..\..\Source\Gateway\WeDonekRpc.HttpWebSocket\WeDonekRpc.HttpWebSocket.csproj", "{03D1D443-A840-4232-AB1C-CF798515F713}"
EndProject
Project("{FAE04EC0-301F-11D3-BF4B-00C04F79EFBC}") = "WeDonekRpc.Modular", "..\..\Source\Gateway\WeDonekRpc.Modular\WeDonekRpc.Modular.csproj", "{FD26836E-FCFD-40F4-93F7-3199FE902625}"
EndProject
Project("{FAE04EC0-301F-11D3-BF4B-00C04F79EFBC}") = "WeDonekRpc.WebSocketGateway", "..\..\Source\Gateway\WeDonekRpc.WebSocketGateway\WeDonekRpc.WebSocketGateway.csproj", "{8C460128-9398-494B-9ABE-EC3AC8559195}"
EndProject
Project("{FAE04EC0-301F-11D3-BF4B-00C04F79EFBC}") = "WeDonekRpc.ModularModel", "..\..\Source\Gateway\WeDonekRpc.ModularModel\WeDonekRpc.ModularModel.csproj", "{0AA2D530-E4D4-4554-9F5F-F5C5C4AE8C8E}"
EndProject
Project("{2150E333-8FDC-42A3-9474-1A3956D46DE8}") = "modular", "modular", "{E1A76D4C-4746-46C3-8797-5B92FA2EEC2E}"
EndProject
Project("{FAE04EC0-301F-11D3-BF4B-00C04F79EFBC}") = "WeDonekRpc.IOBuffer", "..\..\Source\Socket\WeDonekRpc.IOBuffer\WeDonekRpc.IOBuffer.csproj", "{8EEAD62B-AFFC-4981-9784-31F6448BE23A}"
EndProject
Project("{2150E333-8FDC-42A3-9474-1A3956D46DE8}") = "socket", "socket", "{E4D18795-C9AC-48D5-BC5D-779F59CD430C}"
EndProject
Project("{FAE04EC0-301F-11D3-BF4B-00C04F79EFBC}") = "WeDonekRpc.IOSendInterface", "..\..\Source\Socket\WeDonekRpc.IOSendInterface\WeDonekRpc.IOSendInterface.csproj", "{622F7787-CCD4-457C-855E-C0142BB06B36}"
EndProject
Project("{FAE04EC0-301F-11D3-BF4B-00C04F79EFBC}") = "WeDonekRpc.TcpClient", "..\..\Source\Socket\WeDonekRpc.TcpClient\WeDonekRpc.TcpClient.csproj", "{4C5C3A99-CE40-4962-92C8-12F178ED0C50}"
EndProject
Project("{FAE04EC0-301F-11D3-BF4B-00C04F79EFBC}") = "WeDonekRpc.TcpServer", "..\..\Source\Socket\WeDonekRpc.TcpServer\WeDonekRpc.TcpServer.csproj", "{60CDFF0E-BCA6-4C9D-AD44-ED6F3F51D0E6}"
EndProject
Project("{FAE04EC0-301F-11D3-BF4B-00C04F79EFBC}") = "WeDonekRpc.ExtendModel", "..\..\Source\BasicService\ExtendService\WeDonekRpc.ExtendModel\WeDonekRpc.ExtendModel.csproj", "{6315EACC-AB45-44E1-A607-19EE0FF477FD}"
EndProject
Project("{2150E333-8FDC-42A3-9474-1A3956D46DE8}") = "db", "db", "{FF8CDFB5-FAEA-4182-9F9C-0772B2068B98}"
EndProject
Project("{FAE04EC0-301F-11D3-BF4B-00C04F79EFBC}") = "WeDonekRpc.SqlSugar", "..\..\Source\Tools\WeDonekRpc.SqlSugar\WeDonekRpc.SqlSugar.csproj", "{BD3FB0C6-A104-4C60-8244-E68C616878FA}"
EndProject
Project("{FAE04EC0-301F-11D3-BF4B-00C04F79EFBC}") = "WeDonekRpc.SqlSugarDbTran", "..\..\Source\Tools\WeDonekRpc.SqlSugarDbTran\WeDonekRpc.SqlSugarDbTran.csproj", "{C4E76D9F-062F-4683-AA1B-6DB5A7C0593E}"
EndProject
Global
	GlobalSection(SolutionConfigurationPlatforms) = preSolution
		Debug|Any CPU = Debug|Any CPU
		Release|Any CPU = Release|Any CPU
	EndGlobalSection
	GlobalSection(ProjectConfigurationPlatforms) = postSolution
		{3A2C3969-943C-4811-8E18-B2987DB199EB}.Debug|Any CPU.ActiveCfg = Debug|Any CPU
		{3A2C3969-943C-4811-8E18-B2987DB199EB}.Debug|Any CPU.Build.0 = Debug|Any CPU
		{3A2C3969-943C-4811-8E18-B2987DB199EB}.Release|Any CPU.ActiveCfg = Release|Any CPU
		{3A2C3969-943C-4811-8E18-B2987DB199EB}.Release|Any CPU.Build.0 = Release|Any CPU
		{6BFADB10-5C3F-4A38-9633-EB590ADC7C6D}.Debug|Any CPU.ActiveCfg = Debug|Any CPU
		{6BFADB10-5C3F-4A38-9633-EB590ADC7C6D}.Debug|Any CPU.Build.0 = Debug|Any CPU
		{6BFADB10-5C3F-4A38-9633-EB590ADC7C6D}.Release|Any CPU.ActiveCfg = Release|Any CPU
		{6BFADB10-5C3F-4A38-9633-EB590ADC7C6D}.Release|Any CPU.Build.0 = Release|Any CPU
		{FCC37E98-B6A3-4B46-B8EF-C968A1FF65DC}.Debug|Any CPU.ActiveCfg = Debug|Any CPU
		{FCC37E98-B6A3-4B46-B8EF-C968A1FF65DC}.Debug|Any CPU.Build.0 = Debug|Any CPU
		{FCC37E98-B6A3-4B46-B8EF-C968A1FF65DC}.Release|Any CPU.ActiveCfg = Release|Any CPU
		{FCC37E98-B6A3-4B46-B8EF-C968A1FF65DC}.Release|Any CPU.Build.0 = Release|Any CPU
		{6450246F-6801-4F44-8A29-189DA18317AA}.Debug|Any CPU.ActiveCfg = Debug|Any CPU
		{6450246F-6801-4F44-8A29-189DA18317AA}.Debug|Any CPU.Build.0 = Debug|Any CPU
		{6450246F-6801-4F44-8A29-189DA18317AA}.Release|Any CPU.ActiveCfg = Release|Any CPU
		{6450246F-6801-4F44-8A29-189DA18317AA}.Release|Any CPU.Build.0 = Release|Any CPU
		{6C26F19A-8349-4C83-82FA-475308B5A94C}.Debug|Any CPU.ActiveCfg = Debug|Any CPU
		{6C26F19A-8349-4C83-82FA-475308B5A94C}.Debug|Any CPU.Build.0 = Debug|Any CPU
		{6C26F19A-8349-4C83-82FA-475308B5A94C}.Release|Any CPU.ActiveCfg = Release|Any CPU
		{6C26F19A-8349-4C83-82FA-475308B5A94C}.Release|Any CPU.Build.0 = Release|Any CPU
		{602B6881-2E2F-4876-AFF7-61996D611CA0}.Debug|Any CPU.ActiveCfg = Debug|Any CPU
		{602B6881-2E2F-4876-AFF7-61996D611CA0}.Debug|Any CPU.Build.0 = Debug|Any CPU
		{602B6881-2E2F-4876-AFF7-61996D611CA0}.Release|Any CPU.ActiveCfg = Release|Any CPU
		{602B6881-2E2F-4876-AFF7-61996D611CA0}.Release|Any CPU.Build.0 = Release|Any CPU
		{258A10BB-4CE5-47C1-9E7A-B6CCB1E4002C}.Debug|Any CPU.ActiveCfg = Debug|Any CPU
		{258A10BB-4CE5-47C1-9E7A-B6CCB1E4002C}.Debug|Any CPU.Build.0 = Debug|Any CPU
		{258A10BB-4CE5-47C1-9E7A-B6CCB1E4002C}.Release|Any CPU.ActiveCfg = Release|Any CPU
		{258A10BB-4CE5-47C1-9E7A-B6CCB1E4002C}.Release|Any CPU.Build.0 = Release|Any CPU
		{DEDD90BF-DAD3-4F91-ACC6-51E821BC6F61}.Debug|Any CPU.ActiveCfg = Debug|Any CPU
		{DEDD90BF-DAD3-4F91-ACC6-51E821BC6F61}.Debug|Any CPU.Build.0 = Debug|Any CPU
		{DEDD90BF-DAD3-4F91-ACC6-51E821BC6F61}.Release|Any CPU.ActiveCfg = Release|Any CPU
		{DEDD90BF-DAD3-4F91-ACC6-51E821BC6F61}.Release|Any CPU.Build.0 = Release|Any CPU
		{0BFDD10D-A38C-4B41-B4A9-C5925F4F7218}.Debug|Any CPU.ActiveCfg = Debug|Any CPU
		{0BFDD10D-A38C-4B41-B4A9-C5925F4F7218}.Debug|Any CPU.Build.0 = Debug|Any CPU
		{0BFDD10D-A38C-4B41-B4A9-C5925F4F7218}.Release|Any CPU.ActiveCfg = Release|Any CPU
		{0BFDD10D-A38C-4B41-B4A9-C5925F4F7218}.Release|Any CPU.Build.0 = Release|Any CPU
		{A1E73E47-F033-46AF-A4DA-D0F5C6C135CF}.Debug|Any CPU.ActiveCfg = Debug|Any CPU
		{A1E73E47-F033-46AF-A4DA-D0F5C6C135CF}.Debug|Any CPU.Build.0 = Debug|Any CPU
		{A1E73E47-F033-46AF-A4DA-D0F5C6C135CF}.Release|Any CPU.ActiveCfg = Release|Any CPU
		{A1E73E47-F033-46AF-A4DA-D0F5C6C135CF}.Release|Any CPU.Build.0 = Release|Any CPU
		{5281F3FC-E594-47CF-899E-31997FFCB841}.Debug|Any CPU.ActiveCfg = Debug|Any CPU
		{5281F3FC-E594-47CF-899E-31997FFCB841}.Debug|Any CPU.Build.0 = Debug|Any CPU
		{5281F3FC-E594-47CF-899E-31997FFCB841}.Release|Any CPU.ActiveCfg = Release|Any CPU
		{5281F3FC-E594-47CF-899E-31997FFCB841}.Release|Any CPU.Build.0 = Release|Any CPU
		{A08F1D1F-AB2E-444A-A393-A3887BF49501}.Debug|Any CPU.ActiveCfg = Debug|Any CPU
		{A08F1D1F-AB2E-444A-A393-A3887BF49501}.Debug|Any CPU.Build.0 = Debug|Any CPU
		{A08F1D1F-AB2E-444A-A393-A3887BF49501}.Release|Any CPU.ActiveCfg = Release|Any CPU
		{A08F1D1F-AB2E-444A-A393-A3887BF49501}.Release|Any CPU.Build.0 = Release|Any CPU
		{D633612B-FE91-4212-ABC4-D07C22CE7522}.Debug|Any CPU.ActiveCfg = Debug|Any CPU
		{D633612B-FE91-4212-ABC4-D07C22CE7522}.Debug|Any CPU.Build.0 = Debug|Any CPU
		{D633612B-FE91-4212-ABC4-D07C22CE7522}.Release|Any CPU.ActiveCfg = Release|Any CPU
		{D633612B-FE91-4212-ABC4-D07C22CE7522}.Release|Any CPU.Build.0 = Release|Any CPU
		{F0FFAF72-4696-40D0-9385-5B692425C2FA}.Debug|Any CPU.ActiveCfg = Debug|Any CPU
		{F0FFAF72-4696-40D0-9385-5B692425C2FA}.Debug|Any CPU.Build.0 = Debug|Any CPU
		{F0FFAF72-4696-40D0-9385-5B692425C2FA}.Release|Any CPU.ActiveCfg = Release|Any CPU
		{F0FFAF72-4696-40D0-9385-5B692425C2FA}.Release|Any CPU.Build.0 = Release|Any CPU
		{799BB2B1-A3E4-4FB9-B4E3-4B8C5FA728DE}.Debug|Any CPU.ActiveCfg = Debug|Any CPU
		{799BB2B1-A3E4-4FB9-B4E3-4B8C5FA728DE}.Debug|Any CPU.Build.0 = Debug|Any CPU
		{799BB2B1-A3E4-4FB9-B4E3-4B8C5FA728DE}.Release|Any CPU.ActiveCfg = Release|Any CPU
		{799BB2B1-A3E4-4FB9-B4E3-4B8C5FA728DE}.Release|Any CPU.Build.0 = Release|Any CPU
		{92A9F951-2C4A-4529-9F39-C2CAF3D3AC2F}.Debug|Any CPU.ActiveCfg = Debug|Any CPU
		{92A9F951-2C4A-4529-9F39-C2CAF3D3AC2F}.Debug|Any CPU.Build.0 = Debug|Any CPU
		{92A9F951-2C4A-4529-9F39-C2CAF3D3AC2F}.Release|Any CPU.ActiveCfg = Release|Any CPU
		{92A9F951-2C4A-4529-9F39-C2CAF3D3AC2F}.Release|Any CPU.Build.0 = Release|Any CPU
		{FCEBDF65-C8C3-4BFB-9235-1281FBDEF9CD}.Debug|Any CPU.ActiveCfg = Debug|Any CPU
		{FCEBDF65-C8C3-4BFB-9235-1281FBDEF9CD}.Debug|Any CPU.Build.0 = Debug|Any CPU
		{FCEBDF65-C8C3-4BFB-9235-1281FBDEF9CD}.Release|Any CPU.ActiveCfg = Release|Any CPU
		{FCEBDF65-C8C3-4BFB-9235-1281FBDEF9CD}.Release|Any CPU.Build.0 = Release|Any CPU
		{03D1D443-A840-4232-AB1C-CF798515F713}.Debug|Any CPU.ActiveCfg = Debug|Any CPU
		{03D1D443-A840-4232-AB1C-CF798515F713}.Debug|Any CPU.Build.0 = Debug|Any CPU
		{03D1D443-A840-4232-AB1C-CF798515F713}.Release|Any CPU.ActiveCfg = Release|Any CPU
		{03D1D443-A840-4232-AB1C-CF798515F713}.Release|Any CPU.Build.0 = Release|Any CPU
		{FD26836E-FCFD-40F4-93F7-3199FE902625}.Debug|Any CPU.ActiveCfg = Debug|Any CPU
		{FD26836E-FCFD-40F4-93F7-3199FE902625}.Debug|Any CPU.Build.0 = Debug|Any CPU
		{FD26836E-FCFD-40F4-93F7-3199FE902625}.Release|Any CPU.ActiveCfg = Release|Any CPU
		{FD26836E-FCFD-40F4-93F7-3199FE902625}.Release|Any CPU.Build.0 = Release|Any CPU
		{8C460128-9398-494B-9ABE-EC3AC8559195}.Debug|Any CPU.ActiveCfg = Debug|Any CPU
		{8C460128-9398-494B-9ABE-EC3AC8559195}.Debug|Any CPU.Build.0 = Debug|Any CPU
		{8C460128-9398-494B-9ABE-EC3AC8559195}.Release|Any CPU.ActiveCfg = Release|Any CPU
		{8C460128-9398-494B-9ABE-EC3AC8559195}.Release|Any CPU.Build.0 = Release|Any CPU
		{0AA2D530-E4D4-4554-9F5F-F5C5C4AE8C8E}.Debug|Any CPU.ActiveCfg = Debug|Any CPU
		{0AA2D530-E4D4-4554-9F5F-F5C5C4AE8C8E}.Debug|Any CPU.Build.0 = Debug|Any CPU
		{0AA2D530-E4D4-4554-9F5F-F5C5C4AE8C8E}.Release|Any CPU.ActiveCfg = Release|Any CPU
		{0AA2D530-E4D4-4554-9F5F-F5C5C4AE8C8E}.Release|Any CPU.Build.0 = Release|Any CPU
		{8EEAD62B-AFFC-4981-9784-31F6448BE23A}.Debug|Any CPU.ActiveCfg = Debug|Any CPU
		{8EEAD62B-AFFC-4981-9784-31F6448BE23A}.Debug|Any CPU.Build.0 = Debug|Any CPU
		{8EEAD62B-AFFC-4981-9784-31F6448BE23A}.Release|Any CPU.ActiveCfg = Release|Any CPU
		{8EEAD62B-AFFC-4981-9784-31F6448BE23A}.Release|Any CPU.Build.0 = Release|Any CPU
		{622F7787-CCD4-457C-855E-C0142BB06B36}.Debug|Any CPU.ActiveCfg = Debug|Any CPU
		{622F7787-CCD4-457C-855E-C0142BB06B36}.Debug|Any CPU.Build.0 = Debug|Any CPU
		{622F7787-CCD4-457C-855E-C0142BB06B36}.Release|Any CPU.ActiveCfg = Release|Any CPU
		{622F7787-CCD4-457C-855E-C0142BB06B36}.Release|Any CPU.Build.0 = Release|Any CPU
		{4C5C3A99-CE40-4962-92C8-12F178ED0C50}.Debug|Any CPU.ActiveCfg = Debug|Any CPU
		{4C5C3A99-CE40-4962-92C8-12F178ED0C50}.Debug|Any CPU.Build.0 = Debug|Any CPU
		{4C5C3A99-CE40-4962-92C8-12F178ED0C50}.Release|Any CPU.ActiveCfg = Release|Any CPU
		{4C5C3A99-CE40-4962-92C8-12F178ED0C50}.Release|Any CPU.Build.0 = Release|Any CPU
		{60CDFF0E-BCA6-4C9D-AD44-ED6F3F51D0E6}.Debug|Any CPU.ActiveCfg = Debug|Any CPU
		{60CDFF0E-BCA6-4C9D-AD44-ED6F3F51D0E6}.Debug|Any CPU.Build.0 = Debug|Any CPU
		{60CDFF0E-BCA6-4C9D-AD44-ED6F3F51D0E6}.Release|Any CPU.ActiveCfg = Release|Any CPU
		{60CDFF0E-BCA6-4C9D-AD44-ED6F3F51D0E6}.Release|Any CPU.Build.0 = Release|Any CPU
		{6315EACC-AB45-44E1-A607-19EE0FF477FD}.Debug|Any CPU.ActiveCfg = Debug|Any CPU
		{6315EACC-AB45-44E1-A607-19EE0FF477FD}.Debug|Any CPU.Build.0 = Debug|Any CPU
		{6315EACC-AB45-44E1-A607-19EE0FF477FD}.Release|Any CPU.ActiveCfg = Release|Any CPU
		{6315EACC-AB45-44E1-A607-19EE0FF477FD}.Release|Any CPU.Build.0 = Release|Any CPU
		{BD3FB0C6-A104-4C60-8244-E68C616878FA}.Debug|Any CPU.ActiveCfg = Debug|Any CPU
		{BD3FB0C6-A104-4C60-8244-E68C616878FA}.Debug|Any CPU.Build.0 = Debug|Any CPU
		{BD3FB0C6-A104-4C60-8244-E68C616878FA}.Release|Any CPU.ActiveCfg = Release|Any CPU
		{BD3FB0C6-A104-4C60-8244-E68C616878FA}.Release|Any CPU.Build.0 = Release|Any CPU
		{C4E76D9F-062F-4683-AA1B-6DB5A7C0593E}.Debug|Any CPU.ActiveCfg = Debug|Any CPU
		{C4E76D9F-062F-4683-AA1B-6DB5A7C0593E}.Debug|Any CPU.Build.0 = Debug|Any CPU
		{C4E76D9F-062F-4683-AA1B-6DB5A7C0593E}.Release|Any CPU.ActiveCfg = Release|Any CPU
		{C4E76D9F-062F-4683-AA1B-6DB5A7C0593E}.Release|Any CPU.Build.0 = Release|Any CPU
	EndGlobalSection
	GlobalSection(SolutionProperties) = preSolution
		HideSolutionNode = FALSE
	EndGlobalSection
	GlobalSection(NestedProjects) = preSolution
		{3A2C3969-943C-4811-8E18-B2987DB199EB} = {BD5A52ED-1826-4B95-9874-B48AF2681632}
		{6BFADB10-5C3F-4A38-9633-EB590ADC7C6D} = {945D68CF-877F-4C62-9AD1-229C70DADDAF}
		{FCC37E98-B6A3-4B46-B8EF-C968A1FF65DC} = {AACCD27E-DC11-4CEA-AD16-062956AFD7CA}
		{6450246F-6801-4F44-8A29-189DA18317AA} = {BD5A52ED-1826-4B95-9874-B48AF2681632}
		{6C26F19A-8349-4C83-82FA-475308B5A94C} = {AACCD27E-DC11-4CEA-AD16-062956AFD7CA}
		{602B6881-2E2F-4876-AFF7-61996D611CA0} = {9EEB6FD0-59D8-45A8-99CD-D25C4626E036}
		{258A10BB-4CE5-47C1-9E7A-B6CCB1E4002C} = {9EEB6FD0-59D8-45A8-99CD-D25C4626E036}
		{DEDD90BF-DAD3-4F91-ACC6-51E821BC6F61} = {9EEB6FD0-59D8-45A8-99CD-D25C4626E036}
		{E68E28BB-0A4D-4A2F-A28B-B1B7D33B33E0} = {FCEB514F-9445-4001-B0BC-B162CB69E18C}
		{0BFDD10D-A38C-4B41-B4A9-C5925F4F7218} = {E68E28BB-0A4D-4A2F-A28B-B1B7D33B33E0}
		{A1E73E47-F033-46AF-A4DA-D0F5C6C135CF} = {E68E28BB-0A4D-4A2F-A28B-B1B7D33B33E0}
		{5281F3FC-E594-47CF-899E-31997FFCB841} = {E68E28BB-0A4D-4A2F-A28B-B1B7D33B33E0}
		{A08F1D1F-AB2E-444A-A393-A3887BF49501} = {33A01B7C-35C4-4892-A519-E891747099E7}
		{D633612B-FE91-4212-ABC4-D07C22CE7522} = {33A01B7C-35C4-4892-A519-E891747099E7}
		{33A01B7C-35C4-4892-A519-E891747099E7} = {FCEB514F-9445-4001-B0BC-B162CB69E18C}
		{F0FFAF72-4696-40D0-9385-5B692425C2FA} = {DF08B30E-5C55-4512-ABA0-CEA01DEDD1B6}
		{DF08B30E-5C55-4512-ABA0-CEA01DEDD1B6} = {FCEB514F-9445-4001-B0BC-B162CB69E18C}
		{799BB2B1-A3E4-4FB9-B4E3-4B8C5FA728DE} = {DF08B30E-5C55-4512-ABA0-CEA01DEDD1B6}
		{92A9F951-2C4A-4529-9F39-C2CAF3D3AC2F} = {DF08B30E-5C55-4512-ABA0-CEA01DEDD1B6}
		{FCEBDF65-C8C3-4BFB-9235-1281FBDEF9CD} = {DF08B30E-5C55-4512-ABA0-CEA01DEDD1B6}
		{03D1D443-A840-4232-AB1C-CF798515F713} = {DF08B30E-5C55-4512-ABA0-CEA01DEDD1B6}
		{FD26836E-FCFD-40F4-93F7-3199FE902625} = {E1A76D4C-4746-46C3-8797-5B92FA2EEC2E}
		{8C460128-9398-494B-9ABE-EC3AC8559195} = {DF08B30E-5C55-4512-ABA0-CEA01DEDD1B6}
		{0AA2D530-E4D4-4554-9F5F-F5C5C4AE8C8E} = {E1A76D4C-4746-46C3-8797-5B92FA2EEC2E}
		{E1A76D4C-4746-46C3-8797-5B92FA2EEC2E} = {FCEB514F-9445-4001-B0BC-B162CB69E18C}
		{8EEAD62B-AFFC-4981-9784-31F6448BE23A} = {E4D18795-C9AC-48D5-BC5D-779F59CD430C}
		{E4D18795-C9AC-48D5-BC5D-779F59CD430C} = {FCEB514F-9445-4001-B0BC-B162CB69E18C}
		{622F7787-CCD4-457C-855E-C0142BB06B36} = {E4D18795-C9AC-48D5-BC5D-779F59CD430C}
		{4C5C3A99-CE40-4962-92C8-12F178ED0C50} = {E4D18795-C9AC-48D5-BC5D-779F59CD430C}
		{60CDFF0E-BCA6-4C9D-AD44-ED6F3F51D0E6} = {E4D18795-C9AC-48D5-BC5D-779F59CD430C}
		{6315EACC-AB45-44E1-A607-19EE0FF477FD} = {E68E28BB-0A4D-4A2F-A28B-B1B7D33B33E0}
		{FF8CDFB5-FAEA-4182-9F9C-0772B2068B98} = {FCEB514F-9445-4001-B0BC-B162CB69E18C}
		{BD3FB0C6-A104-4C60-8244-E68C616878FA} = {FF8CDFB5-FAEA-4182-9F9C-0772B2068B98}
		{C4E76D9F-062F-4683-AA1B-6DB5A7C0593E} = {FF8CDFB5-FAEA-4182-9F9C-0772B2068B98}
	EndGlobalSection
	GlobalSection(ExtensibilityGlobals) = postSolution
		SolutionGuid = {598BAE7C-D6E1-4E9C-B961-EC2A2E3A2060}
	EndGlobalSection
EndGlobal
