
Microsoft Visual Studio Solution File, Format Version 12.00
# Visual Studio Version 17
VisualStudioVersion = 17.3.32929.385
MinimumVisualStudioVersion = 10.0.40219.1
Project("{9A19103F-16F7-4668-BE54-9A1E7A4F7556}") = "CLIHelper", "CLIHelper\CLIHelper.csproj", "{96B5B7FA-3B96-47CD-9B40-F1D894DF92A0}"
EndProject
Project("{9A19103F-16F7-4668-BE54-9A1E7A4F7556}") = "ConsoleApp", "ConsoleApp\ConsoleApp.csproj", "{0C85A8A3-9898-4B73-813E-D8C962A680F7}"
EndProject
Global
	GlobalSection(SolutionConfigurationPlatforms) = preSolution
		Debug|Any CPU = Debug|Any CPU
		Release|Any CPU = Release|Any CPU
	EndGlobalSection
	GlobalSection(ProjectConfigurationPlatforms) = postSolution
		{96B5B7FA-3B96-47CD-9B40-F1D894DF92A0}.Debug|Any CPU.ActiveCfg = Debug|Any CPU
		{96B5B7FA-3B96-47CD-9B40-F1D894DF92A0}.Debug|Any CPU.Build.0 = Debug|Any CPU
		{96B5B7FA-3B96-47CD-9B40-F1D894DF92A0}.Release|Any CPU.ActiveCfg = Release|Any CPU
		{96B5B7FA-3B96-47CD-9B40-F1D894DF92A0}.Release|Any CPU.Build.0 = Release|Any CPU
		{0C85A8A3-9898-4B73-813E-D8C962A680F7}.Debug|Any CPU.ActiveCfg = Debug|Any CPU
		{0C85A8A3-9898-4B73-813E-D8C962A680F7}.Debug|Any CPU.Build.0 = Debug|Any CPU
		{0C85A8A3-9898-4B73-813E-D8C962A680F7}.Release|Any CPU.ActiveCfg = Release|Any CPU
		{0C85A8A3-9898-4B73-813E-D8C962A680F7}.Release|Any CPU.Build.0 = Release|Any CPU
	EndGlobalSection
	GlobalSection(SolutionProperties) = preSolution
		HideSolutionNode = FALSE
	EndGlobalSection
	GlobalSection(ExtensibilityGlobals) = postSolution
		SolutionGuid = {2E05F7DA-2B25-4E45-B4E4-88C502F46DF8}
	EndGlobalSection
EndGlobal
