
Microsoft Visual Studio Solution File, Format Version 12.00
# Visual Studio Version 16
VisualStudioVersion = 16.0.31205.134
MinimumVisualStudioVersion = 10.0.40219.1
Project("{9A19103F-16F7-4668-BE54-9A1E7A4F7556}") = "RpcClient", "RpcClient\RpcClient.csproj", "{56B2B6DC-24DB-41B1-8B65-38B2A89C635A}"
EndProject
Project("{9A19103F-16F7-4668-BE54-9A1E7A4F7556}") = "RpcModel", "RpcModel\RpcModel.csproj", "{E4607A11-6767-4608-A0F0-4502C18BD777}"
EndProject
Project("{9A19103F-16F7-4668-BE54-9A1E7A4F7556}") = "SocketTcpClient", "SocketTcpClient\SocketTcpClient.csproj", "{282380AE-6651-4A16-A118-E4451F7A87C7}"
EndProject
Project("{9A19103F-16F7-4668-BE54-9A1E7A4F7556}") = "SocketTcpServer", "SocketTcpServer\SocketTcpServer.csproj", "{F25AD9B4-EC4E-496B-92C5-A82FD6AF1CB0}"
EndProject
Project("{9A19103F-16F7-4668-BE54-9A1E7A4F7556}") = "SocketBuffer", "SocketBuffer\SocketBuffer.csproj", "{28675BC9-78ED-481D-BB9F-F1C8E545B03F}"
EndProject
Project("{9A19103F-16F7-4668-BE54-9A1E7A4F7556}") = "RpcCacheClient", "RpcCacheClient\RpcCacheClient.csproj", "{FB284C79-5AB5-4DF6-A1C7-948252AE3C81}"
EndProject
Project("{9A19103F-16F7-4668-BE54-9A1E7A4F7556}") = "SqlExecHelper", "SqlExecHelper\SqlExecHelper.csproj", "{6BED933C-4927-46BF-8E7C-E72296D16D4B}"
EndProject
Project("{9A19103F-16F7-4668-BE54-9A1E7A4F7556}") = "HttpApiGateway", "HttpApiGateway\HttpApiGateway\HttpApiGateway.csproj", "{02AB6FFD-CF74-40CD-8FA6-F5EE10BFACA4}"
EndProject
Project("{9A19103F-16F7-4668-BE54-9A1E7A4F7556}") = "HttpApiDocHelper", "HttpApiGateway\HttpApiDocHelper\HttpApiDocHelper.csproj", "{3FC57905-6198-4F84-AFBF-DEADFCA5838B}"
EndProject
Project("{9A19103F-16F7-4668-BE54-9A1E7A4F7556}") = "HttpService", "HttpApiGateway\HttpService\HttpService.csproj", "{5CBC085C-CAF8-4AF5-BF28-919EBDCECDDF}"
EndProject
Project("{2150E333-8FDC-42A3-9474-1A3956D46DE8}") = "socket", "socket", "{C55EA905-35C4-4F1A-9EF2-EB6C7FC3C5A9}"
EndProject
Project("{2150E333-8FDC-42A3-9474-1A3956D46DE8}") = "gateway", "gateway", "{B1BF4E8F-B14B-4DA7-B633-356465781FFB}"
EndProject
Project("{2150E333-8FDC-42A3-9474-1A3956D46DE8}") = "basic", "basic", "{4E958FF1-E188-4798-AFFA-56B432497C93}"
EndProject
Project("{2150E333-8FDC-42A3-9474-1A3956D46DE8}") = "extend", "extend", "{BEB63285-5770-4CEE-9C7A-C00BF96D7901}"
EndProject
Project("{2150E333-8FDC-42A3-9474-1A3956D46DE8}") = "central_server", "central_server", "{6E13EA96-AA10-4546-97C0-320F625FD4F6}"
EndProject
Project("{9A19103F-16F7-4668-BE54-9A1E7A4F7556}") = "RpcService", "RpcService\RpcService\RpcService.csproj", "{A97CDD70-EA8B-4ECF-AAF6-21E98F82ABCF}"
EndProject
Project("{9A19103F-16F7-4668-BE54-9A1E7A4F7556}") = "ConsoleApp", "RpcService\ConsoleApp\ConsoleApp.csproj", "{0BF2FD04-5D9C-4DD2-8855-73685F94D084}"
EndProject
Project("{2150E333-8FDC-42A3-9474-1A3956D46DE8}") = "basic_server", "basic_server", "{0ADC1DF0-EFCC-4D22-A8AD-CC44C7D5DB4E}"
EndProject
Project("{9A19103F-16F7-4668-BE54-9A1E7A4F7556}") = "ConsoleApp", "RpcSyncService\ConsoleApp\ConsoleApp.csproj", "{16DAEE0A-EE7E-49CA-9219-3458CD2B7F6B}"
EndProject
Project("{9A19103F-16F7-4668-BE54-9A1E7A4F7556}") = "RpcSyncService", "RpcSyncService\RpcSyncService\RpcSyncService.csproj", "{6DF97B2F-17D2-4A52-A841-AAF745CF1289}"
EndProject
Project("{2150E333-8FDC-42A3-9474-1A3956D46DE8}") = "store", "store", "{B1E8A215-1AD1-46B3-83AD-F382B9C31836}"
EndProject
Project("{9A19103F-16F7-4668-BE54-9A1E7A4F7556}") = "Wedonek.RpcStore.Service", "后台管理服务\Wedonek.RpcStore.Service\Wedonek.RpcStore.Service.csproj", "{6278CD8C-5036-4467-ADA1-6B0C74697484}"
EndProject
Project("{9A19103F-16F7-4668-BE54-9A1E7A4F7556}") = "Wedonek.RpcStore.Gateway", "后台管理服务\Wedonek.RpcStore.Gateway\Wedonek.RpcStore.Gateway.csproj", "{3A644C7D-8385-4569-9FA5-C28F788AEA77}"
EndProject
Project("{9A19103F-16F7-4668-BE54-9A1E7A4F7556}") = "Wedonek.Gateway", "后台管理服务\Wedonek.Gateway\Wedonek.Gateway.csproj", "{80C4FE66-A966-4E61-9CED-EC7D252F1153}"
EndProject
Project("{9A19103F-16F7-4668-BE54-9A1E7A4F7556}") = "RpcManageClient", "后台管理服务\RpcManageClient\RpcManageClient.csproj", "{67E7DD5D-FFA8-439E-8266-8F4D2C6FF82F}"
EndProject
Project("{2150E333-8FDC-42A3-9474-1A3956D46DE8}") = "task_server", "task_server", "{30E46C05-B09C-493C-B4CF-324E33FDB6F1}"
EndProject
Project("{9A19103F-16F7-4668-BE54-9A1E7A4F7556}") = "AutoTaskService", "AutoTaskService\AutoTaskService\AutoTaskService.csproj", "{98EFA5A4-5670-40B7-8EC8-9B4B1797266C}"
EndProject
Project("{9A19103F-16F7-4668-BE54-9A1E7A4F7556}") = "ConsoleApp", "AutoTaskService\ConsoleApp\ConsoleApp.csproj", "{93621463-D949-4E62-B37C-B95227C260E1}"
EndProject
Project("{9A19103F-16F7-4668-BE54-9A1E7A4F7556}") = "RpcModular", "RpcModular\RpcModular.csproj", "{D44E0642-DFC1-434B-8FD0-18E037356F60}"
EndProject
Project("{9A19103F-16F7-4668-BE54-9A1E7A4F7556}") = "RpcModularModel", "RpcModularModel\RpcModularModel.csproj", "{9D730B6D-399E-46E3-8D51-2777CB71E13D}"
EndProject
Project("{9A19103F-16F7-4668-BE54-9A1E7A4F7556}") = "HttpWebSocket", "HttpWebSocket\HttpWebSocket.csproj", "{4BAD034A-A24B-4790-BA81-029DDF38AC72}"
EndProject
Project("{9A19103F-16F7-4668-BE54-9A1E7A4F7556}") = "WebSocketGateway", "WebSocketGateway\WebSocketGateway.csproj", "{5AA82F80-C258-4875-B624-578F77EC2B85}"
EndProject
Project("{9A19103F-16F7-4668-BE54-9A1E7A4F7556}") = "ApiGateway", "ApiGateway\ApiGateway.csproj", "{9BFC3A45-32B0-4D45-ADED-CE040D4226AE}"
EndProject
Project("{9A19103F-16F7-4668-BE54-9A1E7A4F7556}") = "RpcHelper", "RpcHelper\RpcHelper.csproj", "{246E8667-3950-4A70-9191-10D76F496817}"
EndProject
Global
	GlobalSection(SolutionConfigurationPlatforms) = preSolution
		Debug|Any CPU = Debug|Any CPU
		Release|Any CPU = Release|Any CPU
	EndGlobalSection
	GlobalSection(ProjectConfigurationPlatforms) = postSolution
		{56B2B6DC-24DB-41B1-8B65-38B2A89C635A}.Debug|Any CPU.ActiveCfg = Debug|Any CPU
		{56B2B6DC-24DB-41B1-8B65-38B2A89C635A}.Debug|Any CPU.Build.0 = Debug|Any CPU
		{56B2B6DC-24DB-41B1-8B65-38B2A89C635A}.Release|Any CPU.ActiveCfg = Release|Any CPU
		{56B2B6DC-24DB-41B1-8B65-38B2A89C635A}.Release|Any CPU.Build.0 = Release|Any CPU
		{E4607A11-6767-4608-A0F0-4502C18BD777}.Debug|Any CPU.ActiveCfg = Debug|Any CPU
		{E4607A11-6767-4608-A0F0-4502C18BD777}.Debug|Any CPU.Build.0 = Debug|Any CPU
		{E4607A11-6767-4608-A0F0-4502C18BD777}.Release|Any CPU.ActiveCfg = Release|Any CPU
		{E4607A11-6767-4608-A0F0-4502C18BD777}.Release|Any CPU.Build.0 = Release|Any CPU
		{282380AE-6651-4A16-A118-E4451F7A87C7}.Debug|Any CPU.ActiveCfg = Debug|Any CPU
		{282380AE-6651-4A16-A118-E4451F7A87C7}.Debug|Any CPU.Build.0 = Debug|Any CPU
		{282380AE-6651-4A16-A118-E4451F7A87C7}.Release|Any CPU.ActiveCfg = Release|Any CPU
		{282380AE-6651-4A16-A118-E4451F7A87C7}.Release|Any CPU.Build.0 = Release|Any CPU
		{F25AD9B4-EC4E-496B-92C5-A82FD6AF1CB0}.Debug|Any CPU.ActiveCfg = Debug|Any CPU
		{F25AD9B4-EC4E-496B-92C5-A82FD6AF1CB0}.Debug|Any CPU.Build.0 = Debug|Any CPU
		{F25AD9B4-EC4E-496B-92C5-A82FD6AF1CB0}.Release|Any CPU.ActiveCfg = Release|Any CPU
		{F25AD9B4-EC4E-496B-92C5-A82FD6AF1CB0}.Release|Any CPU.Build.0 = Release|Any CPU
		{28675BC9-78ED-481D-BB9F-F1C8E545B03F}.Debug|Any CPU.ActiveCfg = Debug|Any CPU
		{28675BC9-78ED-481D-BB9F-F1C8E545B03F}.Debug|Any CPU.Build.0 = Debug|Any CPU
		{28675BC9-78ED-481D-BB9F-F1C8E545B03F}.Release|Any CPU.ActiveCfg = Release|Any CPU
		{28675BC9-78ED-481D-BB9F-F1C8E545B03F}.Release|Any CPU.Build.0 = Release|Any CPU
		{FB284C79-5AB5-4DF6-A1C7-948252AE3C81}.Debug|Any CPU.ActiveCfg = Debug|Any CPU
		{FB284C79-5AB5-4DF6-A1C7-948252AE3C81}.Debug|Any CPU.Build.0 = Debug|Any CPU
		{FB284C79-5AB5-4DF6-A1C7-948252AE3C81}.Release|Any CPU.ActiveCfg = Release|Any CPU
		{FB284C79-5AB5-4DF6-A1C7-948252AE3C81}.Release|Any CPU.Build.0 = Release|Any CPU
		{6BED933C-4927-46BF-8E7C-E72296D16D4B}.Debug|Any CPU.ActiveCfg = Debug|Any CPU
		{6BED933C-4927-46BF-8E7C-E72296D16D4B}.Debug|Any CPU.Build.0 = Debug|Any CPU
		{6BED933C-4927-46BF-8E7C-E72296D16D4B}.Release|Any CPU.ActiveCfg = Release|Any CPU
		{6BED933C-4927-46BF-8E7C-E72296D16D4B}.Release|Any CPU.Build.0 = Release|Any CPU
		{02AB6FFD-CF74-40CD-8FA6-F5EE10BFACA4}.Debug|Any CPU.ActiveCfg = Debug|Any CPU
		{02AB6FFD-CF74-40CD-8FA6-F5EE10BFACA4}.Debug|Any CPU.Build.0 = Debug|Any CPU
		{02AB6FFD-CF74-40CD-8FA6-F5EE10BFACA4}.Release|Any CPU.ActiveCfg = Release|Any CPU
		{02AB6FFD-CF74-40CD-8FA6-F5EE10BFACA4}.Release|Any CPU.Build.0 = Release|Any CPU
		{3FC57905-6198-4F84-AFBF-DEADFCA5838B}.Debug|Any CPU.ActiveCfg = Debug|Any CPU
		{3FC57905-6198-4F84-AFBF-DEADFCA5838B}.Debug|Any CPU.Build.0 = Debug|Any CPU
		{3FC57905-6198-4F84-AFBF-DEADFCA5838B}.Release|Any CPU.ActiveCfg = Release|Any CPU
		{3FC57905-6198-4F84-AFBF-DEADFCA5838B}.Release|Any CPU.Build.0 = Release|Any CPU
		{5CBC085C-CAF8-4AF5-BF28-919EBDCECDDF}.Debug|Any CPU.ActiveCfg = Debug|Any CPU
		{5CBC085C-CAF8-4AF5-BF28-919EBDCECDDF}.Debug|Any CPU.Build.0 = Debug|Any CPU
		{5CBC085C-CAF8-4AF5-BF28-919EBDCECDDF}.Release|Any CPU.ActiveCfg = Release|Any CPU
		{5CBC085C-CAF8-4AF5-BF28-919EBDCECDDF}.Release|Any CPU.Build.0 = Release|Any CPU
		{A97CDD70-EA8B-4ECF-AAF6-21E98F82ABCF}.Debug|Any CPU.ActiveCfg = Debug|Any CPU
		{A97CDD70-EA8B-4ECF-AAF6-21E98F82ABCF}.Debug|Any CPU.Build.0 = Debug|Any CPU
		{A97CDD70-EA8B-4ECF-AAF6-21E98F82ABCF}.Release|Any CPU.ActiveCfg = Release|Any CPU
		{A97CDD70-EA8B-4ECF-AAF6-21E98F82ABCF}.Release|Any CPU.Build.0 = Release|Any CPU
		{0BF2FD04-5D9C-4DD2-8855-73685F94D084}.Debug|Any CPU.ActiveCfg = Debug|Any CPU
		{0BF2FD04-5D9C-4DD2-8855-73685F94D084}.Debug|Any CPU.Build.0 = Debug|Any CPU
		{0BF2FD04-5D9C-4DD2-8855-73685F94D084}.Release|Any CPU.ActiveCfg = Release|Any CPU
		{0BF2FD04-5D9C-4DD2-8855-73685F94D084}.Release|Any CPU.Build.0 = Release|Any CPU
		{16DAEE0A-EE7E-49CA-9219-3458CD2B7F6B}.Debug|Any CPU.ActiveCfg = Debug|Any CPU
		{16DAEE0A-EE7E-49CA-9219-3458CD2B7F6B}.Debug|Any CPU.Build.0 = Debug|Any CPU
		{16DAEE0A-EE7E-49CA-9219-3458CD2B7F6B}.Release|Any CPU.ActiveCfg = Release|Any CPU
		{16DAEE0A-EE7E-49CA-9219-3458CD2B7F6B}.Release|Any CPU.Build.0 = Release|Any CPU
		{6DF97B2F-17D2-4A52-A841-AAF745CF1289}.Debug|Any CPU.ActiveCfg = Debug|Any CPU
		{6DF97B2F-17D2-4A52-A841-AAF745CF1289}.Debug|Any CPU.Build.0 = Debug|Any CPU
		{6DF97B2F-17D2-4A52-A841-AAF745CF1289}.Release|Any CPU.ActiveCfg = Release|Any CPU
		{6DF97B2F-17D2-4A52-A841-AAF745CF1289}.Release|Any CPU.Build.0 = Release|Any CPU
		{6278CD8C-5036-4467-ADA1-6B0C74697484}.Debug|Any CPU.ActiveCfg = Debug|Any CPU
		{6278CD8C-5036-4467-ADA1-6B0C74697484}.Debug|Any CPU.Build.0 = Debug|Any CPU
		{6278CD8C-5036-4467-ADA1-6B0C74697484}.Release|Any CPU.ActiveCfg = Release|Any CPU
		{6278CD8C-5036-4467-ADA1-6B0C74697484}.Release|Any CPU.Build.0 = Release|Any CPU
		{3A644C7D-8385-4569-9FA5-C28F788AEA77}.Debug|Any CPU.ActiveCfg = Debug|Any CPU
		{3A644C7D-8385-4569-9FA5-C28F788AEA77}.Debug|Any CPU.Build.0 = Debug|Any CPU
		{3A644C7D-8385-4569-9FA5-C28F788AEA77}.Release|Any CPU.ActiveCfg = Release|Any CPU
		{3A644C7D-8385-4569-9FA5-C28F788AEA77}.Release|Any CPU.Build.0 = Release|Any CPU
		{80C4FE66-A966-4E61-9CED-EC7D252F1153}.Debug|Any CPU.ActiveCfg = Debug|Any CPU
		{80C4FE66-A966-4E61-9CED-EC7D252F1153}.Debug|Any CPU.Build.0 = Debug|Any CPU
		{80C4FE66-A966-4E61-9CED-EC7D252F1153}.Release|Any CPU.ActiveCfg = Release|Any CPU
		{80C4FE66-A966-4E61-9CED-EC7D252F1153}.Release|Any CPU.Build.0 = Release|Any CPU
		{67E7DD5D-FFA8-439E-8266-8F4D2C6FF82F}.Debug|Any CPU.ActiveCfg = Debug|Any CPU
		{67E7DD5D-FFA8-439E-8266-8F4D2C6FF82F}.Debug|Any CPU.Build.0 = Debug|Any CPU
		{67E7DD5D-FFA8-439E-8266-8F4D2C6FF82F}.Release|Any CPU.ActiveCfg = Release|Any CPU
		{67E7DD5D-FFA8-439E-8266-8F4D2C6FF82F}.Release|Any CPU.Build.0 = Release|Any CPU
		{98EFA5A4-5670-40B7-8EC8-9B4B1797266C}.Debug|Any CPU.ActiveCfg = Debug|Any CPU
		{98EFA5A4-5670-40B7-8EC8-9B4B1797266C}.Debug|Any CPU.Build.0 = Debug|Any CPU
		{98EFA5A4-5670-40B7-8EC8-9B4B1797266C}.Release|Any CPU.ActiveCfg = Release|Any CPU
		{98EFA5A4-5670-40B7-8EC8-9B4B1797266C}.Release|Any CPU.Build.0 = Release|Any CPU
		{93621463-D949-4E62-B37C-B95227C260E1}.Debug|Any CPU.ActiveCfg = Debug|Any CPU
		{93621463-D949-4E62-B37C-B95227C260E1}.Debug|Any CPU.Build.0 = Debug|Any CPU
		{93621463-D949-4E62-B37C-B95227C260E1}.Release|Any CPU.ActiveCfg = Release|Any CPU
		{93621463-D949-4E62-B37C-B95227C260E1}.Release|Any CPU.Build.0 = Release|Any CPU
		{D44E0642-DFC1-434B-8FD0-18E037356F60}.Debug|Any CPU.ActiveCfg = Debug|Any CPU
		{D44E0642-DFC1-434B-8FD0-18E037356F60}.Debug|Any CPU.Build.0 = Debug|Any CPU
		{D44E0642-DFC1-434B-8FD0-18E037356F60}.Release|Any CPU.ActiveCfg = Release|Any CPU
		{D44E0642-DFC1-434B-8FD0-18E037356F60}.Release|Any CPU.Build.0 = Release|Any CPU
		{9D730B6D-399E-46E3-8D51-2777CB71E13D}.Debug|Any CPU.ActiveCfg = Debug|Any CPU
		{9D730B6D-399E-46E3-8D51-2777CB71E13D}.Debug|Any CPU.Build.0 = Debug|Any CPU
		{9D730B6D-399E-46E3-8D51-2777CB71E13D}.Release|Any CPU.ActiveCfg = Release|Any CPU
		{9D730B6D-399E-46E3-8D51-2777CB71E13D}.Release|Any CPU.Build.0 = Release|Any CPU
		{4BAD034A-A24B-4790-BA81-029DDF38AC72}.Debug|Any CPU.ActiveCfg = Debug|Any CPU
		{4BAD034A-A24B-4790-BA81-029DDF38AC72}.Debug|Any CPU.Build.0 = Debug|Any CPU
		{4BAD034A-A24B-4790-BA81-029DDF38AC72}.Release|Any CPU.ActiveCfg = Release|Any CPU
		{4BAD034A-A24B-4790-BA81-029DDF38AC72}.Release|Any CPU.Build.0 = Release|Any CPU
		{5AA82F80-C258-4875-B624-578F77EC2B85}.Debug|Any CPU.ActiveCfg = Debug|Any CPU
		{5AA82F80-C258-4875-B624-578F77EC2B85}.Debug|Any CPU.Build.0 = Debug|Any CPU
		{5AA82F80-C258-4875-B624-578F77EC2B85}.Release|Any CPU.ActiveCfg = Release|Any CPU
		{5AA82F80-C258-4875-B624-578F77EC2B85}.Release|Any CPU.Build.0 = Release|Any CPU
		{9BFC3A45-32B0-4D45-ADED-CE040D4226AE}.Debug|Any CPU.ActiveCfg = Debug|Any CPU
		{9BFC3A45-32B0-4D45-ADED-CE040D4226AE}.Debug|Any CPU.Build.0 = Debug|Any CPU
		{9BFC3A45-32B0-4D45-ADED-CE040D4226AE}.Release|Any CPU.ActiveCfg = Release|Any CPU
		{9BFC3A45-32B0-4D45-ADED-CE040D4226AE}.Release|Any CPU.Build.0 = Release|Any CPU
		{246E8667-3950-4A70-9191-10D76F496817}.Debug|Any CPU.ActiveCfg = Debug|Any CPU
		{246E8667-3950-4A70-9191-10D76F496817}.Debug|Any CPU.Build.0 = Debug|Any CPU
		{246E8667-3950-4A70-9191-10D76F496817}.Release|Any CPU.ActiveCfg = Release|Any CPU
		{246E8667-3950-4A70-9191-10D76F496817}.Release|Any CPU.Build.0 = Release|Any CPU
	EndGlobalSection
	GlobalSection(SolutionProperties) = preSolution
		HideSolutionNode = FALSE
	EndGlobalSection
	GlobalSection(NestedProjects) = preSolution
		{56B2B6DC-24DB-41B1-8B65-38B2A89C635A} = {4E958FF1-E188-4798-AFFA-56B432497C93}
		{E4607A11-6767-4608-A0F0-4502C18BD777} = {4E958FF1-E188-4798-AFFA-56B432497C93}
		{282380AE-6651-4A16-A118-E4451F7A87C7} = {C55EA905-35C4-4F1A-9EF2-EB6C7FC3C5A9}
		{F25AD9B4-EC4E-496B-92C5-A82FD6AF1CB0} = {C55EA905-35C4-4F1A-9EF2-EB6C7FC3C5A9}
		{28675BC9-78ED-481D-BB9F-F1C8E545B03F} = {C55EA905-35C4-4F1A-9EF2-EB6C7FC3C5A9}
		{FB284C79-5AB5-4DF6-A1C7-948252AE3C81} = {4E958FF1-E188-4798-AFFA-56B432497C93}
		{6BED933C-4927-46BF-8E7C-E72296D16D4B} = {BEB63285-5770-4CEE-9C7A-C00BF96D7901}
		{02AB6FFD-CF74-40CD-8FA6-F5EE10BFACA4} = {B1BF4E8F-B14B-4DA7-B633-356465781FFB}
		{3FC57905-6198-4F84-AFBF-DEADFCA5838B} = {B1BF4E8F-B14B-4DA7-B633-356465781FFB}
		{5CBC085C-CAF8-4AF5-BF28-919EBDCECDDF} = {B1BF4E8F-B14B-4DA7-B633-356465781FFB}
		{A97CDD70-EA8B-4ECF-AAF6-21E98F82ABCF} = {6E13EA96-AA10-4546-97C0-320F625FD4F6}
		{0BF2FD04-5D9C-4DD2-8855-73685F94D084} = {6E13EA96-AA10-4546-97C0-320F625FD4F6}
		{16DAEE0A-EE7E-49CA-9219-3458CD2B7F6B} = {0ADC1DF0-EFCC-4D22-A8AD-CC44C7D5DB4E}
		{6DF97B2F-17D2-4A52-A841-AAF745CF1289} = {0ADC1DF0-EFCC-4D22-A8AD-CC44C7D5DB4E}
		{6278CD8C-5036-4467-ADA1-6B0C74697484} = {B1E8A215-1AD1-46B3-83AD-F382B9C31836}
		{3A644C7D-8385-4569-9FA5-C28F788AEA77} = {B1E8A215-1AD1-46B3-83AD-F382B9C31836}
		{80C4FE66-A966-4E61-9CED-EC7D252F1153} = {B1E8A215-1AD1-46B3-83AD-F382B9C31836}
		{67E7DD5D-FFA8-439E-8266-8F4D2C6FF82F} = {B1E8A215-1AD1-46B3-83AD-F382B9C31836}
		{98EFA5A4-5670-40B7-8EC8-9B4B1797266C} = {30E46C05-B09C-493C-B4CF-324E33FDB6F1}
		{93621463-D949-4E62-B37C-B95227C260E1} = {30E46C05-B09C-493C-B4CF-324E33FDB6F1}
		{D44E0642-DFC1-434B-8FD0-18E037356F60} = {4E958FF1-E188-4798-AFFA-56B432497C93}
		{9D730B6D-399E-46E3-8D51-2777CB71E13D} = {4E958FF1-E188-4798-AFFA-56B432497C93}
		{4BAD034A-A24B-4790-BA81-029DDF38AC72} = {B1BF4E8F-B14B-4DA7-B633-356465781FFB}
		{5AA82F80-C258-4875-B624-578F77EC2B85} = {B1BF4E8F-B14B-4DA7-B633-356465781FFB}
		{9BFC3A45-32B0-4D45-ADED-CE040D4226AE} = {B1BF4E8F-B14B-4DA7-B633-356465781FFB}
		{246E8667-3950-4A70-9191-10D76F496817} = {4E958FF1-E188-4798-AFFA-56B432497C93}
	EndGlobalSection
	GlobalSection(ExtensibilityGlobals) = postSolution
		SolutionGuid = {BC01EE41-212F-45BE-A5A7-C609E6460831}
	EndGlobalSection
EndGlobal
