
Microsoft Visual Studio Solution File, Format Version 12.00
# Visual Studio Version 17
VisualStudioVersion = 17.0.32014.148
MinimumVisualStudioVersion = 10.0.40219.1
Project("{9A19103F-16F7-4668-BE54-9A1E7A4F7556}") = "WeDonekRpc.Client", "Basic\WeDonekRpc.Client\WeDonekRpc.Client.csproj", "{56B2B6DC-24DB-41B1-8B65-38B2A89C635A}"
EndProject
Project("{9A19103F-16F7-4668-BE54-9A1E7A4F7556}") = "WeDonekRpc.Model", "Basic\WeDonekRpc.Model\WeDonekRpc.Model.csproj", "{E4607A11-6767-4608-A0F0-4502C18BD777}"
EndProject
Project("{9A19103F-16F7-4668-BE54-9A1E7A4F7556}") = "WeDonekRpc.TcpClient", "Socket\WeDonekRpc.TcpClient\WeDonekRpc.TcpClient.csproj", "{282380AE-6651-4A16-A118-E4451F7A87C7}"
EndProject
Project("{9A19103F-16F7-4668-BE54-9A1E7A4F7556}") = "WeDonekRpc.TcpServer", "Socket\WeDonekRpc.TcpServer\WeDonekRpc.TcpServer.csproj", "{F25AD9B4-EC4E-496B-92C5-A82FD6AF1CB0}"
EndProject
Project("{9A19103F-16F7-4668-BE54-9A1E7A4F7556}") = "WeDonekRpc.IOBuffer", "Socket\WeDonekRpc.IOBuffer\WeDonekRpc.IOBuffer.csproj", "{28675BC9-78ED-481D-BB9F-F1C8E545B03F}"
EndProject
Project("{9A19103F-16F7-4668-BE54-9A1E7A4F7556}") = "WeDonekRpc.CacheClient", "Basic\WeDonekRpc.CacheClient\WeDonekRpc.CacheClient.csproj", "{FB284C79-5AB5-4DF6-A1C7-948252AE3C81}"
EndProject
Project("{9A19103F-16F7-4668-BE54-9A1E7A4F7556}") = "WeDonekRpc.HttpApiGateway", "Gateway\WeDonekRpc.HttpApiGateway\WeDonekRpc.HttpApiGateway.csproj", "{02AB6FFD-CF74-40CD-8FA6-F5EE10BFACA4}"
EndProject
Project("{9A19103F-16F7-4668-BE54-9A1E7A4F7556}") = "WeDonekRpc.HttpApiDoc", "Gateway\WeDonekRpc.HttpApiDoc\WeDonekRpc.HttpApiDoc.csproj", "{3FC57905-6198-4F84-AFBF-DEADFCA5838B}"
EndProject
Project("{9A19103F-16F7-4668-BE54-9A1E7A4F7556}") = "WeDonekRpc.HttpService", "Gateway\WeDonekRpc.HttpService\WeDonekRpc.HttpService.csproj", "{5CBC085C-CAF8-4AF5-BF28-919EBDCECDDF}"
EndProject
Project("{2150E333-8FDC-42A3-9474-1A3956D46DE8}") = "socket", "socket", "{C55EA905-35C4-4F1A-9EF2-EB6C7FC3C5A9}"
EndProject
Project("{2150E333-8FDC-42A3-9474-1A3956D46DE8}") = "gateway", "gateway", "{B1BF4E8F-B14B-4DA7-B633-356465781FFB}"
EndProject
Project("{2150E333-8FDC-42A3-9474-1A3956D46DE8}") = "basic", "basic", "{4E958FF1-E188-4798-AFFA-56B432497C93}"
EndProject
Project("{2150E333-8FDC-42A3-9474-1A3956D46DE8}") = "extend", "extend", "{BEB63285-5770-4CEE-9C7A-C00BF96D7901}"
EndProject
Project("{2150E333-8FDC-42A3-9474-1A3956D46DE8}") = "central_server", "central_server", "{6E13EA96-AA10-4546-97C0-320F625FD4F6}"
EndProject
Project("{9A19103F-16F7-4668-BE54-9A1E7A4F7556}") = "CentralService", "BasicService\RpcService\CentralService\CentralService.csproj", "{0BF2FD04-5D9C-4DD2-8855-73685F94D084}"
EndProject
Project("{2150E333-8FDC-42A3-9474-1A3956D46DE8}") = "basic_server", "basic_server", "{0ADC1DF0-EFCC-4D22-A8AD-CC44C7D5DB4E}"
EndProject
Project("{9A19103F-16F7-4668-BE54-9A1E7A4F7556}") = "RpcBasicService", "BasicService\RpcSyncService\RpcBasicService\RpcBasicService.csproj", "{16DAEE0A-EE7E-49CA-9219-3458CD2B7F6B}"
EndProject
Project("{2150E333-8FDC-42A3-9474-1A3956D46DE8}") = "store", "store", "{B1E8A215-1AD1-46B3-83AD-F382B9C31836}"
EndProject
Project("{9A19103F-16F7-4668-BE54-9A1E7A4F7556}") = "WeDonekRpc.StoreGateway", "StoreService\Store\WeDonekRpc.StoreGateway\WeDonekRpc.StoreGateway.csproj", "{80C4FE66-A966-4E61-9CED-EC7D252F1153}"
EndProject
Project("{9A19103F-16F7-4668-BE54-9A1E7A4F7556}") = "RpcManageClient", "StoreService\Store\RpcManageClient\RpcManageClient.csproj", "{67E7DD5D-FFA8-439E-8266-8F4D2C6FF82F}"
EndProject
Project("{2150E333-8FDC-42A3-9474-1A3956D46DE8}") = "task_server", "task_server", "{30E46C05-B09C-493C-B4CF-324E33FDB6F1}"
EndProject
Project("{9A19103F-16F7-4668-BE54-9A1E7A4F7556}") = "AutoTaskService", "AttachService\TaskService\AutoTaskService\AutoTaskService\AutoTaskService.csproj", "{93621463-D949-4E62-B37C-B95227C260E1}"
EndProject
Project("{9A19103F-16F7-4668-BE54-9A1E7A4F7556}") = "WeDonekRpc.Modular", "Gateway\WeDonekRpc.Modular\WeDonekRpc.Modular.csproj", "{D44E0642-DFC1-434B-8FD0-18E037356F60}"
EndProject
Project("{9A19103F-16F7-4668-BE54-9A1E7A4F7556}") = "WeDonekRpc.ModularModel", "Gateway\WeDonekRpc.ModularModel\WeDonekRpc.ModularModel.csproj", "{9D730B6D-399E-46E3-8D51-2777CB71E13D}"
EndProject
Project("{9A19103F-16F7-4668-BE54-9A1E7A4F7556}") = "WeDonekRpc.HttpWebSocket", "Gateway\WeDonekRpc.HttpWebSocket\WeDonekRpc.HttpWebSocket.csproj", "{4BAD034A-A24B-4790-BA81-029DDF38AC72}"
EndProject
Project("{9A19103F-16F7-4668-BE54-9A1E7A4F7556}") = "WeDonekRpc.WebSocketGateway", "Gateway\WeDonekRpc.WebSocketGateway\WeDonekRpc.WebSocketGateway.csproj", "{5AA82F80-C258-4875-B624-578F77EC2B85}"
EndProject
Project("{9A19103F-16F7-4668-BE54-9A1E7A4F7556}") = "WeDonekRpc.ApiGateway", "Gateway\WeDonekRpc.ApiGateway\WeDonekRpc.ApiGateway.csproj", "{9BFC3A45-32B0-4D45-ADED-CE040D4226AE}"
EndProject
Project("{9A19103F-16F7-4668-BE54-9A1E7A4F7556}") = "WeDonekRpc.Helper", "Basic\WeDonekRpc.Helper\WeDonekRpc.Helper.csproj", "{246E8667-3950-4A70-9191-10D76F496817}"
EndProject
Project("{2150E333-8FDC-42A3-9474-1A3956D46DE8}") = "extend_server", "extend_server", "{D3CE8261-5A74-41D5-9DB8-9FA98E342DF9}"
EndProject
Project("{9A19103F-16F7-4668-BE54-9A1E7A4F7556}") = "WeDonekRpc.ExtendModel", "BasicService\ExtendService\WeDonekRpc.ExtendModel\WeDonekRpc.ExtendModel.csproj", "{E6364A5F-FC46-4E63-B196-FC2FECD026A2}"
EndProject
Project("{9A19103F-16F7-4668-BE54-9A1E7A4F7556}") = "RpcExtendApp", "BasicService\ExtendService\RpcExtendApp\RpcExtendApp.csproj", "{9D008930-2230-479A-AB9B-EF90E014FE6E}"
EndProject
Project("{9A19103F-16F7-4668-BE54-9A1E7A4F7556}") = "RpcTaskModel", "AttachService\TaskService\RpcTaskModel\RpcTaskModel.csproj", "{897BC916-4D97-4E63-AC36-EE4E57D17598}"
EndProject
Project("{9A19103F-16F7-4668-BE54-9A1E7A4F7556}") = "WeDonekRpc.IOSendInterface", "Socket\WeDonekRpc.IOSendInterface\WeDonekRpc.IOSendInterface.csproj", "{DCE6404B-15D8-4F04-99BB-758A7263DBE7}"
EndProject
Project("{2150E333-8FDC-42A3-9474-1A3956D46DE8}") = "Solution Items", "Solution Items", "{7E70EA94-D260-4737-AFDC-83CC89B6EE17}"
	ProjectSection(SolutionItems) = preProject
		.editorconfig = .editorconfig
	EndProjectSection
EndProject
Project("{9A19103F-16F7-4668-BE54-9A1E7A4F7556}") = "WeDonekRpc.SqlSugar", "Tools\WeDonekRpc.SqlSugar\WeDonekRpc.SqlSugar.csproj", "{96E7111F-3AE5-4D5C-8F86-A0B076C00B2B}"
EndProject
Project("{9A19103F-16F7-4668-BE54-9A1E7A4F7556}") = "RpcCentral.DAL", "BasicService\RpcService\RpcCentral.DAL\RpcCentral.DAL.csproj", "{5A178DB7-21DB-4041-B79E-3779366BA6C6}"
EndProject
Project("{9A19103F-16F7-4668-BE54-9A1E7A4F7556}") = "RpcCentral.Model", "BasicService\RpcService\RpcCentral.Model\RpcCentral.Model.csproj", "{D218B230-25C6-48D0-9E38-3F877906DACF}"
EndProject
Project("{9A19103F-16F7-4668-BE54-9A1E7A4F7556}") = "RpcCentral.Collect", "BasicService\RpcService\RpcCentral.Collect\RpcCentral.Collect.csproj", "{45CD9E25-6B09-4260-BCC4-02207D7E411C}"
EndProject
Project("{9A19103F-16F7-4668-BE54-9A1E7A4F7556}") = "RpcCentral.Common", "BasicService\RpcService\RpcCentral.Common\RpcCentral.Common.csproj", "{9C0905D6-D04E-4093-B1DF-70EBBD27851C}"
EndProject
Project("{9A19103F-16F7-4668-BE54-9A1E7A4F7556}") = "RpcCentral.Service", "BasicService\RpcService\RpcCentral.Service\RpcCentral.Service.csproj", "{2D3625F8-3D21-4EBE-89CA-C9A945669946}"
EndProject
Project("{9A19103F-16F7-4668-BE54-9A1E7A4F7556}") = "RpcExtend.DAL", "BasicService\ExtendService\RpcExtend.DAL\RpcExtend.DAL.csproj", "{258BAEF2-B8AD-43CB-8B80-ACA7DF7472F7}"
EndProject
Project("{9A19103F-16F7-4668-BE54-9A1E7A4F7556}") = "RpcExtend.Collect", "BasicService\ExtendService\RpcExtend.Collect\RpcExtend.Collect.csproj", "{5F9BCF3F-3568-4EEE-8A07-7A1F3F6CDE5F}"
EndProject
Project("{9A19103F-16F7-4668-BE54-9A1E7A4F7556}") = "RpcExtend.Model", "BasicService\ExtendService\RpcExtend.Model\RpcExtend.Model.csproj", "{148AC713-CBF9-4896-808D-4A515C69A55D}"
EndProject
Project("{9A19103F-16F7-4668-BE54-9A1E7A4F7556}") = "RpcExtend.Service", "BasicService\ExtendService\RpcExtend.Service\RpcExtend.Service.csproj", "{E9E75C8A-6C28-4D0A-B9E3-8329D0986FC8}"
EndProject
Project("{9A19103F-16F7-4668-BE54-9A1E7A4F7556}") = "AutoTask.DAL", "AttachService\TaskService\AutoTaskService\AutoTask.DAL\AutoTask.DAL.csproj", "{E7DE8921-C5ED-42CD-A0A7-C1779DE2812D}"
EndProject
Project("{9A19103F-16F7-4668-BE54-9A1E7A4F7556}") = "AutoTask.Model", "AttachService\TaskService\AutoTaskService\AutoTask.Model\AutoTask.Model.csproj", "{7D8BB8DC-5657-4F81-9871-1106890F3327}"
EndProject
Project("{9A19103F-16F7-4668-BE54-9A1E7A4F7556}") = "AutoTask.Collect", "AttachService\TaskService\AutoTaskService\AutoTask.Collect\AutoTask.Collect.csproj", "{0E56B950-0E02-44AB-AB6E-A6F67BB64BF3}"
EndProject
Project("{9A19103F-16F7-4668-BE54-9A1E7A4F7556}") = "AutoTask.Service", "AttachService\TaskService\AutoTaskService\AutoTask.Service\AutoTask.Service.csproj", "{8EE48810-6F5C-423A-B6D8-D5482C54BCA7}"
EndProject
Project("{9A19103F-16F7-4668-BE54-9A1E7A4F7556}") = "RpcSync.DAL", "BasicService\RpcSyncService\RpcSync.DAL\RpcSync.DAL.csproj", "{8BB5A845-AA75-499A-8196-482CAD36026A}"
EndProject
Project("{9A19103F-16F7-4668-BE54-9A1E7A4F7556}") = "RpcSync.Model", "BasicService\RpcSyncService\RpcSync.Model\RpcSync.Model.csproj", "{FA3664F6-B290-43E8-AEE2-5E3984BFA3EB}"
EndProject
Project("{9A19103F-16F7-4668-BE54-9A1E7A4F7556}") = "RpcSync.Collect", "BasicService\RpcSyncService\RpcSync.Collect\RpcSync.Collect.csproj", "{F3A2F857-5E21-418E-BBA9-977BEB450B91}"
EndProject
Project("{9A19103F-16F7-4668-BE54-9A1E7A4F7556}") = "RpcSync.Service", "BasicService\RpcSyncService\RpcSync.Service\RpcSync.Service.csproj", "{93640C9D-0938-4BE3-A8A8-B930D428D990}"
EndProject
Project("{9A19103F-16F7-4668-BE54-9A1E7A4F7556}") = "WeDonekRpc.CacheModular", "Basic\WeDonekRpc.CacheModular\WeDonekRpc.CacheModular.csproj", "{6E1C7BC3-5863-481C-A10C-18159F139865}"
EndProject
Project("{2150E333-8FDC-42A3-9474-1A3956D46DE8}") = "配置", "配置", "{0FE7C8CD-E78B-419C-A3C0-83B7851D86F1}"
	ProjectSection(SolutionItems) = preProject
		..\Demo\Wedonek\Config.json = ..\Demo\Wedonek\Config.json
	EndProjectSection
EndProject
Project("{9A19103F-16F7-4668-BE54-9A1E7A4F7556}") = "RpcStore.DAL", "StoreService\Store\RpcStore.DAL\RpcStore.DAL.csproj", "{906AB277-3DE4-4503-9903-A75451262FF5}"
EndProject
Project("{9A19103F-16F7-4668-BE54-9A1E7A4F7556}") = "RpcStore.Collect", "StoreService\Store\RpcStore.Collect\RpcStore.Collect.csproj", "{1F2EB5DE-95B8-4C03-ADE1-2E3CC5E1579F}"
EndProject
Project("{9A19103F-16F7-4668-BE54-9A1E7A4F7556}") = "RpcStore.Model", "StoreService\Store\RpcStore.Model\RpcStore.Model.csproj", "{D80AF6AE-B666-4A2A-A45F-2FDECAA82D5C}"
EndProject
Project("{9A19103F-16F7-4668-BE54-9A1E7A4F7556}") = "RpcStore.RemoteModel", "StoreService\Store\RpcStore.RemoteModel\RpcStore.RemoteModel.csproj", "{5EC7D06B-DEC5-4519-A3B1-DB9408902E44}"
EndProject
Project("{9A19103F-16F7-4668-BE54-9A1E7A4F7556}") = "RpcStore.Service", "StoreService\Store\RpcStore.Service\RpcStore.Service.csproj", "{0164E044-7837-46E0-8C3A-82C337E0C6D3}"
EndProject
Project("{9A19103F-16F7-4668-BE54-9A1E7A4F7556}") = "Store.Gatewary.Modular", "StoreService\Store\Store.Gatewary.Modular\Store.Gatewary.Modular.csproj", "{35E469DA-4BFD-48F9-B368-4BC39C90FB0B}"
EndProject
Project("{9A19103F-16F7-4668-BE54-9A1E7A4F7556}") = "RpcStoreApp", "StoreService\Store\RpcStoreApp\RpcStoreApp.csproj", "{C03780AF-13F8-4E17-A8E3-6F81A9E2A75A}"
EndProject
Project("{9A19103F-16F7-4668-BE54-9A1E7A4F7556}") = "AutoTask.Gateway", "AttachService\TaskService\AutoTask.Gateway\AutoTask.Gateway.csproj", "{A053943D-726F-42F4-971D-F30C6ABA3801}"
EndProject
Project("{9A19103F-16F7-4668-BE54-9A1E7A4F7556}") = "DataImportTools", "CliTools\DataImportTools\DataImportTools.csproj", "{76A6F51A-17F9-453B-B29C-7FA41B739D9D}"
EndProject
Project("{9A19103F-16F7-4668-BE54-9A1E7A4F7556}") = "DataBasicCli", "CliTools\DataBasicCli\DataBasicCli.csproj", "{28FE781F-4C3D-47E4-B8AD-9859D7AAA6A0}"
EndProject
Project("{2150E333-8FDC-42A3-9474-1A3956D46DE8}") = "cliTools", "cliTools", "{2D535E03-146B-44FD-8F23-ADCB93FFE257}"
EndProject
Project("{9A19103F-16F7-4668-BE54-9A1E7A4F7556}") = "WeDonekRpc.SqlSugarDbTran", "Tools\WeDonekRpc.SqlSugarDbTran\WeDonekRpc.SqlSugarDbTran.csproj", "{DA84A987-1A77-4386-9F02-2A3104BB4785}"
EndProject
Project("{9A19103F-16F7-4668-BE54-9A1E7A4F7556}") = "GatewayBuildCli", "CliTools\CLIHelper\CLIHelper\GatewayBuildCli.csproj", "{932AF864-E5C0-417D-AD28-2BA7B3516A89}"
EndProject
Project("{9A19103F-16F7-4668-BE54-9A1E7A4F7556}") = "GatewayBuildCliTools", "CliTools\CLIHelper\ConsoleApp\GatewayBuildCliTools.csproj", "{C6BDA437-8C8D-487B-84F1-57F975690BA8}"
EndProject
Project("{9A19103F-16F7-4668-BE54-9A1E7A4F7556}") = "ConsoleApp", "ConsoleApp\ConsoleApp.csproj", "{5F651D09-0421-49F7-A215-F0786F952DAF}"
EndProject
Global
	GlobalSection(SolutionConfigurationPlatforms) = preSolution
		Debug|Any CPU = Debug|Any CPU
		Release|Any CPU = Release|Any CPU
	EndGlobalSection
	GlobalSection(ProjectConfigurationPlatforms) = postSolution
		{56B2B6DC-24DB-41B1-8B65-38B2A89C635A}.Debug|Any CPU.ActiveCfg = Debug|Any CPU
		{56B2B6DC-24DB-41B1-8B65-38B2A89C635A}.Debug|Any CPU.Build.0 = Debug|Any CPU
		{56B2B6DC-24DB-41B1-8B65-38B2A89C635A}.Release|Any CPU.ActiveCfg = Release|Any CPU
		{56B2B6DC-24DB-41B1-8B65-38B2A89C635A}.Release|Any CPU.Build.0 = Release|Any CPU
		{E4607A11-6767-4608-A0F0-4502C18BD777}.Debug|Any CPU.ActiveCfg = Debug|Any CPU
		{E4607A11-6767-4608-A0F0-4502C18BD777}.Debug|Any CPU.Build.0 = Debug|Any CPU
		{E4607A11-6767-4608-A0F0-4502C18BD777}.Release|Any CPU.ActiveCfg = Release|Any CPU
		{E4607A11-6767-4608-A0F0-4502C18BD777}.Release|Any CPU.Build.0 = Release|Any CPU
		{282380AE-6651-4A16-A118-E4451F7A87C7}.Debug|Any CPU.ActiveCfg = Debug|Any CPU
		{282380AE-6651-4A16-A118-E4451F7A87C7}.Debug|Any CPU.Build.0 = Debug|Any CPU
		{282380AE-6651-4A16-A118-E4451F7A87C7}.Release|Any CPU.ActiveCfg = Release|Any CPU
		{282380AE-6651-4A16-A118-E4451F7A87C7}.Release|Any CPU.Build.0 = Release|Any CPU
		{F25AD9B4-EC4E-496B-92C5-A82FD6AF1CB0}.Debug|Any CPU.ActiveCfg = Debug|Any CPU
		{F25AD9B4-EC4E-496B-92C5-A82FD6AF1CB0}.Debug|Any CPU.Build.0 = Debug|Any CPU
		{F25AD9B4-EC4E-496B-92C5-A82FD6AF1CB0}.Release|Any CPU.ActiveCfg = Release|Any CPU
		{F25AD9B4-EC4E-496B-92C5-A82FD6AF1CB0}.Release|Any CPU.Build.0 = Release|Any CPU
		{28675BC9-78ED-481D-BB9F-F1C8E545B03F}.Debug|Any CPU.ActiveCfg = Debug|Any CPU
		{28675BC9-78ED-481D-BB9F-F1C8E545B03F}.Debug|Any CPU.Build.0 = Debug|Any CPU
		{28675BC9-78ED-481D-BB9F-F1C8E545B03F}.Release|Any CPU.ActiveCfg = Release|Any CPU
		{28675BC9-78ED-481D-BB9F-F1C8E545B03F}.Release|Any CPU.Build.0 = Release|Any CPU
		{FB284C79-5AB5-4DF6-A1C7-948252AE3C81}.Debug|Any CPU.ActiveCfg = Debug|Any CPU
		{FB284C79-5AB5-4DF6-A1C7-948252AE3C81}.Debug|Any CPU.Build.0 = Debug|Any CPU
		{FB284C79-5AB5-4DF6-A1C7-948252AE3C81}.Release|Any CPU.ActiveCfg = Release|Any CPU
		{FB284C79-5AB5-4DF6-A1C7-948252AE3C81}.Release|Any CPU.Build.0 = Release|Any CPU
		{02AB6FFD-CF74-40CD-8FA6-F5EE10BFACA4}.Debug|Any CPU.ActiveCfg = Debug|Any CPU
		{02AB6FFD-CF74-40CD-8FA6-F5EE10BFACA4}.Debug|Any CPU.Build.0 = Debug|Any CPU
		{02AB6FFD-CF74-40CD-8FA6-F5EE10BFACA4}.Release|Any CPU.ActiveCfg = Release|Any CPU
		{02AB6FFD-CF74-40CD-8FA6-F5EE10BFACA4}.Release|Any CPU.Build.0 = Release|Any CPU
		{3FC57905-6198-4F84-AFBF-DEADFCA5838B}.Debug|Any CPU.ActiveCfg = Debug|Any CPU
		{3FC57905-6198-4F84-AFBF-DEADFCA5838B}.Debug|Any CPU.Build.0 = Debug|Any CPU
		{3FC57905-6198-4F84-AFBF-DEADFCA5838B}.Release|Any CPU.ActiveCfg = Release|Any CPU
		{3FC57905-6198-4F84-AFBF-DEADFCA5838B}.Release|Any CPU.Build.0 = Release|Any CPU
		{5CBC085C-CAF8-4AF5-BF28-919EBDCECDDF}.Debug|Any CPU.ActiveCfg = Debug|Any CPU
		{5CBC085C-CAF8-4AF5-BF28-919EBDCECDDF}.Debug|Any CPU.Build.0 = Debug|Any CPU
		{5CBC085C-CAF8-4AF5-BF28-919EBDCECDDF}.Release|Any CPU.ActiveCfg = Release|Any CPU
		{5CBC085C-CAF8-4AF5-BF28-919EBDCECDDF}.Release|Any CPU.Build.0 = Release|Any CPU
		{0BF2FD04-5D9C-4DD2-8855-73685F94D084}.Debug|Any CPU.ActiveCfg = Debug|Any CPU
		{0BF2FD04-5D9C-4DD2-8855-73685F94D084}.Debug|Any CPU.Build.0 = Debug|Any CPU
		{0BF2FD04-5D9C-4DD2-8855-73685F94D084}.Release|Any CPU.ActiveCfg = Release|Any CPU
		{0BF2FD04-5D9C-4DD2-8855-73685F94D084}.Release|Any CPU.Build.0 = Release|Any CPU
		{16DAEE0A-EE7E-49CA-9219-3458CD2B7F6B}.Debug|Any CPU.ActiveCfg = Debug|Any CPU
		{16DAEE0A-EE7E-49CA-9219-3458CD2B7F6B}.Debug|Any CPU.Build.0 = Debug|Any CPU
		{16DAEE0A-EE7E-49CA-9219-3458CD2B7F6B}.Release|Any CPU.ActiveCfg = Release|Any CPU
		{16DAEE0A-EE7E-49CA-9219-3458CD2B7F6B}.Release|Any CPU.Build.0 = Release|Any CPU
		{80C4FE66-A966-4E61-9CED-EC7D252F1153}.Debug|Any CPU.ActiveCfg = Debug|Any CPU
		{80C4FE66-A966-4E61-9CED-EC7D252F1153}.Debug|Any CPU.Build.0 = Debug|Any CPU
		{80C4FE66-A966-4E61-9CED-EC7D252F1153}.Release|Any CPU.ActiveCfg = Release|Any CPU
		{80C4FE66-A966-4E61-9CED-EC7D252F1153}.Release|Any CPU.Build.0 = Release|Any CPU
		{67E7DD5D-FFA8-439E-8266-8F4D2C6FF82F}.Debug|Any CPU.ActiveCfg = Debug|Any CPU
		{67E7DD5D-FFA8-439E-8266-8F4D2C6FF82F}.Debug|Any CPU.Build.0 = Debug|Any CPU
		{67E7DD5D-FFA8-439E-8266-8F4D2C6FF82F}.Release|Any CPU.ActiveCfg = Release|Any CPU
		{67E7DD5D-FFA8-439E-8266-8F4D2C6FF82F}.Release|Any CPU.Build.0 = Release|Any CPU
		{93621463-D949-4E62-B37C-B95227C260E1}.Debug|Any CPU.ActiveCfg = Debug|Any CPU
		{93621463-D949-4E62-B37C-B95227C260E1}.Debug|Any CPU.Build.0 = Debug|Any CPU
		{93621463-D949-4E62-B37C-B95227C260E1}.Release|Any CPU.ActiveCfg = Release|Any CPU
		{93621463-D949-4E62-B37C-B95227C260E1}.Release|Any CPU.Build.0 = Release|Any CPU
		{D44E0642-DFC1-434B-8FD0-18E037356F60}.Debug|Any CPU.ActiveCfg = Debug|Any CPU
		{D44E0642-DFC1-434B-8FD0-18E037356F60}.Debug|Any CPU.Build.0 = Debug|Any CPU
		{D44E0642-DFC1-434B-8FD0-18E037356F60}.Release|Any CPU.ActiveCfg = Release|Any CPU
		{D44E0642-DFC1-434B-8FD0-18E037356F60}.Release|Any CPU.Build.0 = Release|Any CPU
		{9D730B6D-399E-46E3-8D51-2777CB71E13D}.Debug|Any CPU.ActiveCfg = Debug|Any CPU
		{9D730B6D-399E-46E3-8D51-2777CB71E13D}.Debug|Any CPU.Build.0 = Debug|Any CPU
		{9D730B6D-399E-46E3-8D51-2777CB71E13D}.Release|Any CPU.ActiveCfg = Release|Any CPU
		{9D730B6D-399E-46E3-8D51-2777CB71E13D}.Release|Any CPU.Build.0 = Release|Any CPU
		{4BAD034A-A24B-4790-BA81-029DDF38AC72}.Debug|Any CPU.ActiveCfg = Debug|Any CPU
		{4BAD034A-A24B-4790-BA81-029DDF38AC72}.Debug|Any CPU.Build.0 = Debug|Any CPU
		{4BAD034A-A24B-4790-BA81-029DDF38AC72}.Release|Any CPU.ActiveCfg = Release|Any CPU
		{4BAD034A-A24B-4790-BA81-029DDF38AC72}.Release|Any CPU.Build.0 = Release|Any CPU
		{5AA82F80-C258-4875-B624-578F77EC2B85}.Debug|Any CPU.ActiveCfg = Debug|Any CPU
		{5AA82F80-C258-4875-B624-578F77EC2B85}.Debug|Any CPU.Build.0 = Debug|Any CPU
		{5AA82F80-C258-4875-B624-578F77EC2B85}.Release|Any CPU.ActiveCfg = Release|Any CPU
		{5AA82F80-C258-4875-B624-578F77EC2B85}.Release|Any CPU.Build.0 = Release|Any CPU
		{9BFC3A45-32B0-4D45-ADED-CE040D4226AE}.Debug|Any CPU.ActiveCfg = Debug|Any CPU
		{9BFC3A45-32B0-4D45-ADED-CE040D4226AE}.Debug|Any CPU.Build.0 = Debug|Any CPU
		{9BFC3A45-32B0-4D45-ADED-CE040D4226AE}.Release|Any CPU.ActiveCfg = Release|Any CPU
		{9BFC3A45-32B0-4D45-ADED-CE040D4226AE}.Release|Any CPU.Build.0 = Release|Any CPU
		{246E8667-3950-4A70-9191-10D76F496817}.Debug|Any CPU.ActiveCfg = Debug|Any CPU
		{246E8667-3950-4A70-9191-10D76F496817}.Debug|Any CPU.Build.0 = Debug|Any CPU
		{246E8667-3950-4A70-9191-10D76F496817}.Release|Any CPU.ActiveCfg = Release|Any CPU
		{246E8667-3950-4A70-9191-10D76F496817}.Release|Any CPU.Build.0 = Release|Any CPU
		{E6364A5F-FC46-4E63-B196-FC2FECD026A2}.Debug|Any CPU.ActiveCfg = Debug|Any CPU
		{E6364A5F-FC46-4E63-B196-FC2FECD026A2}.Debug|Any CPU.Build.0 = Debug|Any CPU
		{E6364A5F-FC46-4E63-B196-FC2FECD026A2}.Release|Any CPU.ActiveCfg = Release|Any CPU
		{E6364A5F-FC46-4E63-B196-FC2FECD026A2}.Release|Any CPU.Build.0 = Release|Any CPU
		{9D008930-2230-479A-AB9B-EF90E014FE6E}.Debug|Any CPU.ActiveCfg = Debug|Any CPU
		{9D008930-2230-479A-AB9B-EF90E014FE6E}.Debug|Any CPU.Build.0 = Debug|Any CPU
		{9D008930-2230-479A-AB9B-EF90E014FE6E}.Release|Any CPU.ActiveCfg = Release|Any CPU
		{9D008930-2230-479A-AB9B-EF90E014FE6E}.Release|Any CPU.Build.0 = Release|Any CPU
		{897BC916-4D97-4E63-AC36-EE4E57D17598}.Debug|Any CPU.ActiveCfg = Debug|Any CPU
		{897BC916-4D97-4E63-AC36-EE4E57D17598}.Debug|Any CPU.Build.0 = Debug|Any CPU
		{897BC916-4D97-4E63-AC36-EE4E57D17598}.Release|Any CPU.ActiveCfg = Release|Any CPU
		{897BC916-4D97-4E63-AC36-EE4E57D17598}.Release|Any CPU.Build.0 = Release|Any CPU
		{DCE6404B-15D8-4F04-99BB-758A7263DBE7}.Debug|Any CPU.ActiveCfg = Debug|Any CPU
		{DCE6404B-15D8-4F04-99BB-758A7263DBE7}.Debug|Any CPU.Build.0 = Debug|Any CPU
		{DCE6404B-15D8-4F04-99BB-758A7263DBE7}.Release|Any CPU.ActiveCfg = Release|Any CPU
		{DCE6404B-15D8-4F04-99BB-758A7263DBE7}.Release|Any CPU.Build.0 = Release|Any CPU
		{96E7111F-3AE5-4D5C-8F86-A0B076C00B2B}.Debug|Any CPU.ActiveCfg = Debug|Any CPU
		{96E7111F-3AE5-4D5C-8F86-A0B076C00B2B}.Debug|Any CPU.Build.0 = Debug|Any CPU
		{96E7111F-3AE5-4D5C-8F86-A0B076C00B2B}.Release|Any CPU.ActiveCfg = Release|Any CPU
		{96E7111F-3AE5-4D5C-8F86-A0B076C00B2B}.Release|Any CPU.Build.0 = Release|Any CPU
		{5A178DB7-21DB-4041-B79E-3779366BA6C6}.Debug|Any CPU.ActiveCfg = Debug|Any CPU
		{5A178DB7-21DB-4041-B79E-3779366BA6C6}.Debug|Any CPU.Build.0 = Debug|Any CPU
		{5A178DB7-21DB-4041-B79E-3779366BA6C6}.Release|Any CPU.ActiveCfg = Release|Any CPU
		{5A178DB7-21DB-4041-B79E-3779366BA6C6}.Release|Any CPU.Build.0 = Release|Any CPU
		{D218B230-25C6-48D0-9E38-3F877906DACF}.Debug|Any CPU.ActiveCfg = Debug|Any CPU
		{D218B230-25C6-48D0-9E38-3F877906DACF}.Debug|Any CPU.Build.0 = Debug|Any CPU
		{D218B230-25C6-48D0-9E38-3F877906DACF}.Release|Any CPU.ActiveCfg = Release|Any CPU
		{D218B230-25C6-48D0-9E38-3F877906DACF}.Release|Any CPU.Build.0 = Release|Any CPU
		{45CD9E25-6B09-4260-BCC4-02207D7E411C}.Debug|Any CPU.ActiveCfg = Debug|Any CPU
		{45CD9E25-6B09-4260-BCC4-02207D7E411C}.Debug|Any CPU.Build.0 = Debug|Any CPU
		{45CD9E25-6B09-4260-BCC4-02207D7E411C}.Release|Any CPU.ActiveCfg = Release|Any CPU
		{45CD9E25-6B09-4260-BCC4-02207D7E411C}.Release|Any CPU.Build.0 = Release|Any CPU
		{9C0905D6-D04E-4093-B1DF-70EBBD27851C}.Debug|Any CPU.ActiveCfg = Debug|Any CPU
		{9C0905D6-D04E-4093-B1DF-70EBBD27851C}.Debug|Any CPU.Build.0 = Debug|Any CPU
		{9C0905D6-D04E-4093-B1DF-70EBBD27851C}.Release|Any CPU.ActiveCfg = Release|Any CPU
		{9C0905D6-D04E-4093-B1DF-70EBBD27851C}.Release|Any CPU.Build.0 = Release|Any CPU
		{2D3625F8-3D21-4EBE-89CA-C9A945669946}.Debug|Any CPU.ActiveCfg = Debug|Any CPU
		{2D3625F8-3D21-4EBE-89CA-C9A945669946}.Debug|Any CPU.Build.0 = Debug|Any CPU
		{2D3625F8-3D21-4EBE-89CA-C9A945669946}.Release|Any CPU.ActiveCfg = Release|Any CPU
		{2D3625F8-3D21-4EBE-89CA-C9A945669946}.Release|Any CPU.Build.0 = Release|Any CPU
		{258BAEF2-B8AD-43CB-8B80-ACA7DF7472F7}.Debug|Any CPU.ActiveCfg = Debug|Any CPU
		{258BAEF2-B8AD-43CB-8B80-ACA7DF7472F7}.Debug|Any CPU.Build.0 = Debug|Any CPU
		{258BAEF2-B8AD-43CB-8B80-ACA7DF7472F7}.Release|Any CPU.ActiveCfg = Release|Any CPU
		{258BAEF2-B8AD-43CB-8B80-ACA7DF7472F7}.Release|Any CPU.Build.0 = Release|Any CPU
		{5F9BCF3F-3568-4EEE-8A07-7A1F3F6CDE5F}.Debug|Any CPU.ActiveCfg = Debug|Any CPU
		{5F9BCF3F-3568-4EEE-8A07-7A1F3F6CDE5F}.Debug|Any CPU.Build.0 = Debug|Any CPU
		{5F9BCF3F-3568-4EEE-8A07-7A1F3F6CDE5F}.Release|Any CPU.ActiveCfg = Release|Any CPU
		{5F9BCF3F-3568-4EEE-8A07-7A1F3F6CDE5F}.Release|Any CPU.Build.0 = Release|Any CPU
		{148AC713-CBF9-4896-808D-4A515C69A55D}.Debug|Any CPU.ActiveCfg = Debug|Any CPU
		{148AC713-CBF9-4896-808D-4A515C69A55D}.Debug|Any CPU.Build.0 = Debug|Any CPU
		{148AC713-CBF9-4896-808D-4A515C69A55D}.Release|Any CPU.ActiveCfg = Release|Any CPU
		{148AC713-CBF9-4896-808D-4A515C69A55D}.Release|Any CPU.Build.0 = Release|Any CPU
		{E9E75C8A-6C28-4D0A-B9E3-8329D0986FC8}.Debug|Any CPU.ActiveCfg = Debug|Any CPU
		{E9E75C8A-6C28-4D0A-B9E3-8329D0986FC8}.Debug|Any CPU.Build.0 = Debug|Any CPU
		{E9E75C8A-6C28-4D0A-B9E3-8329D0986FC8}.Release|Any CPU.ActiveCfg = Release|Any CPU
		{E9E75C8A-6C28-4D0A-B9E3-8329D0986FC8}.Release|Any CPU.Build.0 = Release|Any CPU
		{E7DE8921-C5ED-42CD-A0A7-C1779DE2812D}.Debug|Any CPU.ActiveCfg = Debug|Any CPU
		{E7DE8921-C5ED-42CD-A0A7-C1779DE2812D}.Debug|Any CPU.Build.0 = Debug|Any CPU
		{E7DE8921-C5ED-42CD-A0A7-C1779DE2812D}.Release|Any CPU.ActiveCfg = Release|Any CPU
		{E7DE8921-C5ED-42CD-A0A7-C1779DE2812D}.Release|Any CPU.Build.0 = Release|Any CPU
		{7D8BB8DC-5657-4F81-9871-1106890F3327}.Debug|Any CPU.ActiveCfg = Debug|Any CPU
		{7D8BB8DC-5657-4F81-9871-1106890F3327}.Debug|Any CPU.Build.0 = Debug|Any CPU
		{7D8BB8DC-5657-4F81-9871-1106890F3327}.Release|Any CPU.ActiveCfg = Release|Any CPU
		{7D8BB8DC-5657-4F81-9871-1106890F3327}.Release|Any CPU.Build.0 = Release|Any CPU
		{0E56B950-0E02-44AB-AB6E-A6F67BB64BF3}.Debug|Any CPU.ActiveCfg = Debug|Any CPU
		{0E56B950-0E02-44AB-AB6E-A6F67BB64BF3}.Debug|Any CPU.Build.0 = Debug|Any CPU
		{0E56B950-0E02-44AB-AB6E-A6F67BB64BF3}.Release|Any CPU.ActiveCfg = Release|Any CPU
		{0E56B950-0E02-44AB-AB6E-A6F67BB64BF3}.Release|Any CPU.Build.0 = Release|Any CPU
		{8EE48810-6F5C-423A-B6D8-D5482C54BCA7}.Debug|Any CPU.ActiveCfg = Debug|Any CPU
		{8EE48810-6F5C-423A-B6D8-D5482C54BCA7}.Debug|Any CPU.Build.0 = Debug|Any CPU
		{8EE48810-6F5C-423A-B6D8-D5482C54BCA7}.Release|Any CPU.ActiveCfg = Release|Any CPU
		{8EE48810-6F5C-423A-B6D8-D5482C54BCA7}.Release|Any CPU.Build.0 = Release|Any CPU
		{8BB5A845-AA75-499A-8196-482CAD36026A}.Debug|Any CPU.ActiveCfg = Debug|Any CPU
		{8BB5A845-AA75-499A-8196-482CAD36026A}.Debug|Any CPU.Build.0 = Debug|Any CPU
		{8BB5A845-AA75-499A-8196-482CAD36026A}.Release|Any CPU.ActiveCfg = Release|Any CPU
		{8BB5A845-AA75-499A-8196-482CAD36026A}.Release|Any CPU.Build.0 = Release|Any CPU
		{FA3664F6-B290-43E8-AEE2-5E3984BFA3EB}.Debug|Any CPU.ActiveCfg = Debug|Any CPU
		{FA3664F6-B290-43E8-AEE2-5E3984BFA3EB}.Debug|Any CPU.Build.0 = Debug|Any CPU
		{FA3664F6-B290-43E8-AEE2-5E3984BFA3EB}.Release|Any CPU.ActiveCfg = Release|Any CPU
		{FA3664F6-B290-43E8-AEE2-5E3984BFA3EB}.Release|Any CPU.Build.0 = Release|Any CPU
		{F3A2F857-5E21-418E-BBA9-977BEB450B91}.Debug|Any CPU.ActiveCfg = Debug|Any CPU
		{F3A2F857-5E21-418E-BBA9-977BEB450B91}.Debug|Any CPU.Build.0 = Debug|Any CPU
		{F3A2F857-5E21-418E-BBA9-977BEB450B91}.Release|Any CPU.ActiveCfg = Release|Any CPU
		{F3A2F857-5E21-418E-BBA9-977BEB450B91}.Release|Any CPU.Build.0 = Release|Any CPU
		{93640C9D-0938-4BE3-A8A8-B930D428D990}.Debug|Any CPU.ActiveCfg = Debug|Any CPU
		{93640C9D-0938-4BE3-A8A8-B930D428D990}.Debug|Any CPU.Build.0 = Debug|Any CPU
		{93640C9D-0938-4BE3-A8A8-B930D428D990}.Release|Any CPU.ActiveCfg = Release|Any CPU
		{93640C9D-0938-4BE3-A8A8-B930D428D990}.Release|Any CPU.Build.0 = Release|Any CPU
		{6E1C7BC3-5863-481C-A10C-18159F139865}.Debug|Any CPU.ActiveCfg = Debug|Any CPU
		{6E1C7BC3-5863-481C-A10C-18159F139865}.Debug|Any CPU.Build.0 = Debug|Any CPU
		{6E1C7BC3-5863-481C-A10C-18159F139865}.Release|Any CPU.ActiveCfg = Release|Any CPU
		{6E1C7BC3-5863-481C-A10C-18159F139865}.Release|Any CPU.Build.0 = Release|Any CPU
		{906AB277-3DE4-4503-9903-A75451262FF5}.Debug|Any CPU.ActiveCfg = Debug|Any CPU
		{906AB277-3DE4-4503-9903-A75451262FF5}.Debug|Any CPU.Build.0 = Debug|Any CPU
		{906AB277-3DE4-4503-9903-A75451262FF5}.Release|Any CPU.ActiveCfg = Release|Any CPU
		{906AB277-3DE4-4503-9903-A75451262FF5}.Release|Any CPU.Build.0 = Release|Any CPU
		{1F2EB5DE-95B8-4C03-ADE1-2E3CC5E1579F}.Debug|Any CPU.ActiveCfg = Debug|Any CPU
		{1F2EB5DE-95B8-4C03-ADE1-2E3CC5E1579F}.Debug|Any CPU.Build.0 = Debug|Any CPU
		{1F2EB5DE-95B8-4C03-ADE1-2E3CC5E1579F}.Release|Any CPU.ActiveCfg = Release|Any CPU
		{1F2EB5DE-95B8-4C03-ADE1-2E3CC5E1579F}.Release|Any CPU.Build.0 = Release|Any CPU
		{D80AF6AE-B666-4A2A-A45F-2FDECAA82D5C}.Debug|Any CPU.ActiveCfg = Debug|Any CPU
		{D80AF6AE-B666-4A2A-A45F-2FDECAA82D5C}.Debug|Any CPU.Build.0 = Debug|Any CPU
		{D80AF6AE-B666-4A2A-A45F-2FDECAA82D5C}.Release|Any CPU.ActiveCfg = Release|Any CPU
		{D80AF6AE-B666-4A2A-A45F-2FDECAA82D5C}.Release|Any CPU.Build.0 = Release|Any CPU
		{5EC7D06B-DEC5-4519-A3B1-DB9408902E44}.Debug|Any CPU.ActiveCfg = Debug|Any CPU
		{5EC7D06B-DEC5-4519-A3B1-DB9408902E44}.Debug|Any CPU.Build.0 = Debug|Any CPU
		{5EC7D06B-DEC5-4519-A3B1-DB9408902E44}.Release|Any CPU.ActiveCfg = Release|Any CPU
		{5EC7D06B-DEC5-4519-A3B1-DB9408902E44}.Release|Any CPU.Build.0 = Release|Any CPU
		{0164E044-7837-46E0-8C3A-82C337E0C6D3}.Debug|Any CPU.ActiveCfg = Debug|Any CPU
		{0164E044-7837-46E0-8C3A-82C337E0C6D3}.Debug|Any CPU.Build.0 = Debug|Any CPU
		{0164E044-7837-46E0-8C3A-82C337E0C6D3}.Release|Any CPU.ActiveCfg = Release|Any CPU
		{0164E044-7837-46E0-8C3A-82C337E0C6D3}.Release|Any CPU.Build.0 = Release|Any CPU
		{35E469DA-4BFD-48F9-B368-4BC39C90FB0B}.Debug|Any CPU.ActiveCfg = Debug|Any CPU
		{35E469DA-4BFD-48F9-B368-4BC39C90FB0B}.Debug|Any CPU.Build.0 = Debug|Any CPU
		{35E469DA-4BFD-48F9-B368-4BC39C90FB0B}.Release|Any CPU.ActiveCfg = Release|Any CPU
		{35E469DA-4BFD-48F9-B368-4BC39C90FB0B}.Release|Any CPU.Build.0 = Release|Any CPU
		{C03780AF-13F8-4E17-A8E3-6F81A9E2A75A}.Debug|Any CPU.ActiveCfg = Debug|Any CPU
		{C03780AF-13F8-4E17-A8E3-6F81A9E2A75A}.Debug|Any CPU.Build.0 = Debug|Any CPU
		{C03780AF-13F8-4E17-A8E3-6F81A9E2A75A}.Release|Any CPU.ActiveCfg = Release|Any CPU
		{C03780AF-13F8-4E17-A8E3-6F81A9E2A75A}.Release|Any CPU.Build.0 = Release|Any CPU
		{A053943D-726F-42F4-971D-F30C6ABA3801}.Debug|Any CPU.ActiveCfg = Debug|Any CPU
		{A053943D-726F-42F4-971D-F30C6ABA3801}.Debug|Any CPU.Build.0 = Debug|Any CPU
		{A053943D-726F-42F4-971D-F30C6ABA3801}.Release|Any CPU.ActiveCfg = Release|Any CPU
		{A053943D-726F-42F4-971D-F30C6ABA3801}.Release|Any CPU.Build.0 = Release|Any CPU
		{76A6F51A-17F9-453B-B29C-7FA41B739D9D}.Debug|Any CPU.ActiveCfg = Debug|Any CPU
		{76A6F51A-17F9-453B-B29C-7FA41B739D9D}.Debug|Any CPU.Build.0 = Debug|Any CPU
		{76A6F51A-17F9-453B-B29C-7FA41B739D9D}.Release|Any CPU.ActiveCfg = Release|Any CPU
		{76A6F51A-17F9-453B-B29C-7FA41B739D9D}.Release|Any CPU.Build.0 = Release|Any CPU
		{28FE781F-4C3D-47E4-B8AD-9859D7AAA6A0}.Debug|Any CPU.ActiveCfg = Debug|Any CPU
		{28FE781F-4C3D-47E4-B8AD-9859D7AAA6A0}.Debug|Any CPU.Build.0 = Debug|Any CPU
		{28FE781F-4C3D-47E4-B8AD-9859D7AAA6A0}.Release|Any CPU.ActiveCfg = Release|Any CPU
		{28FE781F-4C3D-47E4-B8AD-9859D7AAA6A0}.Release|Any CPU.Build.0 = Release|Any CPU
		{DA84A987-1A77-4386-9F02-2A3104BB4785}.Debug|Any CPU.ActiveCfg = Debug|Any CPU
		{DA84A987-1A77-4386-9F02-2A3104BB4785}.Debug|Any CPU.Build.0 = Debug|Any CPU
		{DA84A987-1A77-4386-9F02-2A3104BB4785}.Release|Any CPU.ActiveCfg = Release|Any CPU
		{DA84A987-1A77-4386-9F02-2A3104BB4785}.Release|Any CPU.Build.0 = Release|Any CPU
		{932AF864-E5C0-417D-AD28-2BA7B3516A89}.Debug|Any CPU.ActiveCfg = Debug|Any CPU
		{932AF864-E5C0-417D-AD28-2BA7B3516A89}.Debug|Any CPU.Build.0 = Debug|Any CPU
		{932AF864-E5C0-417D-AD28-2BA7B3516A89}.Release|Any CPU.ActiveCfg = Release|Any CPU
		{932AF864-E5C0-417D-AD28-2BA7B3516A89}.Release|Any CPU.Build.0 = Release|Any CPU
		{C6BDA437-8C8D-487B-84F1-57F975690BA8}.Debug|Any CPU.ActiveCfg = Debug|Any CPU
		{C6BDA437-8C8D-487B-84F1-57F975690BA8}.Debug|Any CPU.Build.0 = Debug|Any CPU
		{C6BDA437-8C8D-487B-84F1-57F975690BA8}.Release|Any CPU.ActiveCfg = Release|Any CPU
		{C6BDA437-8C8D-487B-84F1-57F975690BA8}.Release|Any CPU.Build.0 = Release|Any CPU
		{5F651D09-0421-49F7-A215-F0786F952DAF}.Debug|Any CPU.ActiveCfg = Debug|Any CPU
		{5F651D09-0421-49F7-A215-F0786F952DAF}.Debug|Any CPU.Build.0 = Debug|Any CPU
		{5F651D09-0421-49F7-A215-F0786F952DAF}.Release|Any CPU.ActiveCfg = Release|Any CPU
		{5F651D09-0421-49F7-A215-F0786F952DAF}.Release|Any CPU.Build.0 = Release|Any CPU
	EndGlobalSection
	GlobalSection(SolutionProperties) = preSolution
		HideSolutionNode = FALSE
	EndGlobalSection
	GlobalSection(NestedProjects) = preSolution
		{56B2B6DC-24DB-41B1-8B65-38B2A89C635A} = {4E958FF1-E188-4798-AFFA-56B432497C93}
		{E4607A11-6767-4608-A0F0-4502C18BD777} = {4E958FF1-E188-4798-AFFA-56B432497C93}
		{282380AE-6651-4A16-A118-E4451F7A87C7} = {C55EA905-35C4-4F1A-9EF2-EB6C7FC3C5A9}
		{F25AD9B4-EC4E-496B-92C5-A82FD6AF1CB0} = {C55EA905-35C4-4F1A-9EF2-EB6C7FC3C5A9}
		{28675BC9-78ED-481D-BB9F-F1C8E545B03F} = {C55EA905-35C4-4F1A-9EF2-EB6C7FC3C5A9}
		{FB284C79-5AB5-4DF6-A1C7-948252AE3C81} = {4E958FF1-E188-4798-AFFA-56B432497C93}
		{02AB6FFD-CF74-40CD-8FA6-F5EE10BFACA4} = {B1BF4E8F-B14B-4DA7-B633-356465781FFB}
		{3FC57905-6198-4F84-AFBF-DEADFCA5838B} = {B1BF4E8F-B14B-4DA7-B633-356465781FFB}
		{5CBC085C-CAF8-4AF5-BF28-919EBDCECDDF} = {B1BF4E8F-B14B-4DA7-B633-356465781FFB}
		{0BF2FD04-5D9C-4DD2-8855-73685F94D084} = {6E13EA96-AA10-4546-97C0-320F625FD4F6}
		{16DAEE0A-EE7E-49CA-9219-3458CD2B7F6B} = {0ADC1DF0-EFCC-4D22-A8AD-CC44C7D5DB4E}
		{80C4FE66-A966-4E61-9CED-EC7D252F1153} = {B1E8A215-1AD1-46B3-83AD-F382B9C31836}
		{67E7DD5D-FFA8-439E-8266-8F4D2C6FF82F} = {B1E8A215-1AD1-46B3-83AD-F382B9C31836}
		{93621463-D949-4E62-B37C-B95227C260E1} = {30E46C05-B09C-493C-B4CF-324E33FDB6F1}
		{D44E0642-DFC1-434B-8FD0-18E037356F60} = {4E958FF1-E188-4798-AFFA-56B432497C93}
		{9D730B6D-399E-46E3-8D51-2777CB71E13D} = {4E958FF1-E188-4798-AFFA-56B432497C93}
		{4BAD034A-A24B-4790-BA81-029DDF38AC72} = {B1BF4E8F-B14B-4DA7-B633-356465781FFB}
		{5AA82F80-C258-4875-B624-578F77EC2B85} = {B1BF4E8F-B14B-4DA7-B633-356465781FFB}
		{9BFC3A45-32B0-4D45-ADED-CE040D4226AE} = {B1BF4E8F-B14B-4DA7-B633-356465781FFB}
		{246E8667-3950-4A70-9191-10D76F496817} = {4E958FF1-E188-4798-AFFA-56B432497C93}
		{E6364A5F-FC46-4E63-B196-FC2FECD026A2} = {D3CE8261-5A74-41D5-9DB8-9FA98E342DF9}
		{9D008930-2230-479A-AB9B-EF90E014FE6E} = {D3CE8261-5A74-41D5-9DB8-9FA98E342DF9}
		{897BC916-4D97-4E63-AC36-EE4E57D17598} = {30E46C05-B09C-493C-B4CF-324E33FDB6F1}
		{DCE6404B-15D8-4F04-99BB-758A7263DBE7} = {C55EA905-35C4-4F1A-9EF2-EB6C7FC3C5A9}
		{96E7111F-3AE5-4D5C-8F86-A0B076C00B2B} = {BEB63285-5770-4CEE-9C7A-C00BF96D7901}
		{5A178DB7-21DB-4041-B79E-3779366BA6C6} = {6E13EA96-AA10-4546-97C0-320F625FD4F6}
		{D218B230-25C6-48D0-9E38-3F877906DACF} = {6E13EA96-AA10-4546-97C0-320F625FD4F6}
		{45CD9E25-6B09-4260-BCC4-02207D7E411C} = {6E13EA96-AA10-4546-97C0-320F625FD4F6}
		{9C0905D6-D04E-4093-B1DF-70EBBD27851C} = {6E13EA96-AA10-4546-97C0-320F625FD4F6}
		{2D3625F8-3D21-4EBE-89CA-C9A945669946} = {6E13EA96-AA10-4546-97C0-320F625FD4F6}
		{258BAEF2-B8AD-43CB-8B80-ACA7DF7472F7} = {D3CE8261-5A74-41D5-9DB8-9FA98E342DF9}
		{5F9BCF3F-3568-4EEE-8A07-7A1F3F6CDE5F} = {D3CE8261-5A74-41D5-9DB8-9FA98E342DF9}
		{148AC713-CBF9-4896-808D-4A515C69A55D} = {D3CE8261-5A74-41D5-9DB8-9FA98E342DF9}
		{E9E75C8A-6C28-4D0A-B9E3-8329D0986FC8} = {D3CE8261-5A74-41D5-9DB8-9FA98E342DF9}
		{E7DE8921-C5ED-42CD-A0A7-C1779DE2812D} = {30E46C05-B09C-493C-B4CF-324E33FDB6F1}
		{7D8BB8DC-5657-4F81-9871-1106890F3327} = {30E46C05-B09C-493C-B4CF-324E33FDB6F1}
		{0E56B950-0E02-44AB-AB6E-A6F67BB64BF3} = {30E46C05-B09C-493C-B4CF-324E33FDB6F1}
		{8EE48810-6F5C-423A-B6D8-D5482C54BCA7} = {30E46C05-B09C-493C-B4CF-324E33FDB6F1}
		{8BB5A845-AA75-499A-8196-482CAD36026A} = {0ADC1DF0-EFCC-4D22-A8AD-CC44C7D5DB4E}
		{FA3664F6-B290-43E8-AEE2-5E3984BFA3EB} = {0ADC1DF0-EFCC-4D22-A8AD-CC44C7D5DB4E}
		{F3A2F857-5E21-418E-BBA9-977BEB450B91} = {0ADC1DF0-EFCC-4D22-A8AD-CC44C7D5DB4E}
		{93640C9D-0938-4BE3-A8A8-B930D428D990} = {0ADC1DF0-EFCC-4D22-A8AD-CC44C7D5DB4E}
		{6E1C7BC3-5863-481C-A10C-18159F139865} = {4E958FF1-E188-4798-AFFA-56B432497C93}
		{906AB277-3DE4-4503-9903-A75451262FF5} = {B1E8A215-1AD1-46B3-83AD-F382B9C31836}
		{1F2EB5DE-95B8-4C03-ADE1-2E3CC5E1579F} = {B1E8A215-1AD1-46B3-83AD-F382B9C31836}
		{D80AF6AE-B666-4A2A-A45F-2FDECAA82D5C} = {B1E8A215-1AD1-46B3-83AD-F382B9C31836}
		{5EC7D06B-DEC5-4519-A3B1-DB9408902E44} = {B1E8A215-1AD1-46B3-83AD-F382B9C31836}
		{0164E044-7837-46E0-8C3A-82C337E0C6D3} = {B1E8A215-1AD1-46B3-83AD-F382B9C31836}
		{35E469DA-4BFD-48F9-B368-4BC39C90FB0B} = {B1E8A215-1AD1-46B3-83AD-F382B9C31836}
		{C03780AF-13F8-4E17-A8E3-6F81A9E2A75A} = {B1E8A215-1AD1-46B3-83AD-F382B9C31836}
		{A053943D-726F-42F4-971D-F30C6ABA3801} = {30E46C05-B09C-493C-B4CF-324E33FDB6F1}
		{76A6F51A-17F9-453B-B29C-7FA41B739D9D} = {2D535E03-146B-44FD-8F23-ADCB93FFE257}
		{28FE781F-4C3D-47E4-B8AD-9859D7AAA6A0} = {2D535E03-146B-44FD-8F23-ADCB93FFE257}
		{DA84A987-1A77-4386-9F02-2A3104BB4785} = {BEB63285-5770-4CEE-9C7A-C00BF96D7901}
		{932AF864-E5C0-417D-AD28-2BA7B3516A89} = {2D535E03-146B-44FD-8F23-ADCB93FFE257}
		{C6BDA437-8C8D-487B-84F1-57F975690BA8} = {2D535E03-146B-44FD-8F23-ADCB93FFE257}
	EndGlobalSection
	GlobalSection(ExtensibilityGlobals) = postSolution
		SolutionGuid = {BC01EE41-212F-45BE-A5A7-C609E6460831}
	EndGlobalSection
EndGlobal
