
Microsoft Visual Studio Solution File, Format Version 12.00
# Visual Studio Version 16
VisualStudioVersion = 16.0.31205.134
MinimumVisualStudioVersion = 10.0.40219.1
Project("{FAE04EC0-301F-11D3-BF4B-00C04F79EFBC}") = "Wedonek.Web", "Wedonek.Web\Wedonek.Web.csproj", "{D5075686-52F2-4705-8FB8-53EF103DA909}"
EndProject
Global
	GlobalSection(SolutionConfigurationPlatforms) = preSolution
		Debug|Any CPU = Debug|Any CPU
		Release|Any CPU = Release|Any CPU
	EndGlobalSection
	GlobalSection(ProjectConfigurationPlatforms) = postSolution
		{D5075686-52F2-4705-8FB8-53EF103DA909}.Debug|Any CPU.ActiveCfg = Debug|Any CPU
		{D5075686-52F2-4705-8FB8-53EF103DA909}.Debug|Any CPU.Build.0 = Debug|Any CPU
		{D5075686-52F2-4705-8FB8-53EF103DA909}.Release|Any CPU.ActiveCfg = Release|Any CPU
		{D5075686-52F2-4705-8FB8-53EF103DA909}.Release|Any CPU.Build.0 = Release|Any CPU
	EndGlobalSection
	GlobalSection(SolutionProperties) = preSolution
		HideSolutionNode = FALSE
	EndGlobalSection
	GlobalSection(ExtensibilityGlobals) = postSolution
		SolutionGuid = {9B431436-6A58-4B7E-A53C-9210DACDC4C3}
	EndGlobalSection
EndGlobal
