
Microsoft Visual Studio Solution File, Format Version 12.00
# Visual Studio Version 16
VisualStudioVersion = 16.0.30804.86
MinimumVisualStudioVersion = 10.0.40219.1
Project("{9A19103F-16F7-4668-BE54-9A1E7A4F7556}") = "HttpApiGateway", "HttpApiGateway\HttpApiGateway.csproj", "{765D20F0-D854-40B3-A40C-92082E9BAFE3}"
EndProject
Project("{9A19103F-16F7-4668-BE54-9A1E7A4F7556}") = "HttpService", "HttpService\HttpService.csproj", "{8E43E37D-87F2-4519-8685-28C8DECA3A8B}"
EndProject
Project("{9A19103F-16F7-4668-BE54-9A1E7A4F7556}") = "ConsoleApp", "ConsoleApp\ConsoleApp.csproj", "{883D36B2-EF20-4036-ACF7-44DC3E19B063}"
EndProject
Project("{9A19103F-16F7-4668-BE54-9A1E7A4F7556}") = "HttpApiDocHelper", "HttpApiDocHelper\HttpApiDocHelper.csproj", "{5CD7763D-DB4A-43A2-999A-BE86BA283166}"
EndProject
Project("{9A19103F-16F7-4668-BE54-9A1E7A4F7556}") = "RpcModel", "..\RpcModel\RpcModel.csproj", "{1A40F82F-5726-4B95-A690-9C13BFC44319}"
EndProject
Project("{9A19103F-16F7-4668-BE54-9A1E7A4F7556}") = "ToolsHelper", "..\ToolsHelper\ToolsHelper.csproj", "{B1AD07FB-05A9-48CF-9626-CB1FB7E7B057}"
EndProject
Project("{9A19103F-16F7-4668-BE54-9A1E7A4F7556}") = "RpcCacheClient", "..\RpcCacheClient\RpcCacheClient.csproj", "{437C1919-C911-478D-B443-B6878B0D9334}"
EndProject
Project("{9A19103F-16F7-4668-BE54-9A1E7A4F7556}") = "RpcExtend", "..\RpcExtend\RpcExtend.csproj", "{2132D531-8BB2-46EC-B66D-30340977AE59}"
EndProject
Project("{9A19103F-16F7-4668-BE54-9A1E7A4F7556}") = "RpcClient", "..\RpcClient\RpcClient.csproj", "{27E406BE-306C-4D79-BBB7-B9BACAE591E1}"
EndProject
Global
	GlobalSection(SolutionConfigurationPlatforms) = preSolution
		Debug|Any CPU = Debug|Any CPU
		Release|Any CPU = Release|Any CPU
	EndGlobalSection
	GlobalSection(ProjectConfigurationPlatforms) = postSolution
		{765D20F0-D854-40B3-A40C-92082E9BAFE3}.Debug|Any CPU.ActiveCfg = Debug|Any CPU
		{765D20F0-D854-40B3-A40C-92082E9BAFE3}.Debug|Any CPU.Build.0 = Debug|Any CPU
		{765D20F0-D854-40B3-A40C-92082E9BAFE3}.Release|Any CPU.ActiveCfg = Release|Any CPU
		{765D20F0-D854-40B3-A40C-92082E9BAFE3}.Release|Any CPU.Build.0 = Release|Any CPU
		{8E43E37D-87F2-4519-8685-28C8DECA3A8B}.Debug|Any CPU.ActiveCfg = Debug|Any CPU
		{8E43E37D-87F2-4519-8685-28C8DECA3A8B}.Debug|Any CPU.Build.0 = Debug|Any CPU
		{8E43E37D-87F2-4519-8685-28C8DECA3A8B}.Release|Any CPU.ActiveCfg = Release|Any CPU
		{8E43E37D-87F2-4519-8685-28C8DECA3A8B}.Release|Any CPU.Build.0 = Release|Any CPU
		{883D36B2-EF20-4036-ACF7-44DC3E19B063}.Debug|Any CPU.ActiveCfg = Debug|Any CPU
		{883D36B2-EF20-4036-ACF7-44DC3E19B063}.Debug|Any CPU.Build.0 = Debug|Any CPU
		{883D36B2-EF20-4036-ACF7-44DC3E19B063}.Release|Any CPU.ActiveCfg = Release|Any CPU
		{883D36B2-EF20-4036-ACF7-44DC3E19B063}.Release|Any CPU.Build.0 = Release|Any CPU
		{5CD7763D-DB4A-43A2-999A-BE86BA283166}.Debug|Any CPU.ActiveCfg = Debug|Any CPU
		{5CD7763D-DB4A-43A2-999A-BE86BA283166}.Debug|Any CPU.Build.0 = Debug|Any CPU
		{5CD7763D-DB4A-43A2-999A-BE86BA283166}.Release|Any CPU.ActiveCfg = Release|Any CPU
		{5CD7763D-DB4A-43A2-999A-BE86BA283166}.Release|Any CPU.Build.0 = Release|Any CPU
		{1A40F82F-5726-4B95-A690-9C13BFC44319}.Debug|Any CPU.ActiveCfg = Debug|Any CPU
		{1A40F82F-5726-4B95-A690-9C13BFC44319}.Debug|Any CPU.Build.0 = Debug|Any CPU
		{1A40F82F-5726-4B95-A690-9C13BFC44319}.Release|Any CPU.ActiveCfg = Release|Any CPU
		{1A40F82F-5726-4B95-A690-9C13BFC44319}.Release|Any CPU.Build.0 = Release|Any CPU
		{B1AD07FB-05A9-48CF-9626-CB1FB7E7B057}.Debug|Any CPU.ActiveCfg = Debug|Any CPU
		{B1AD07FB-05A9-48CF-9626-CB1FB7E7B057}.Debug|Any CPU.Build.0 = Debug|Any CPU
		{B1AD07FB-05A9-48CF-9626-CB1FB7E7B057}.Release|Any CPU.ActiveCfg = Release|Any CPU
		{B1AD07FB-05A9-48CF-9626-CB1FB7E7B057}.Release|Any CPU.Build.0 = Release|Any CPU
		{437C1919-C911-478D-B443-B6878B0D9334}.Debug|Any CPU.ActiveCfg = Debug|Any CPU
		{437C1919-C911-478D-B443-B6878B0D9334}.Debug|Any CPU.Build.0 = Debug|Any CPU
		{437C1919-C911-478D-B443-B6878B0D9334}.Release|Any CPU.ActiveCfg = Release|Any CPU
		{437C1919-C911-478D-B443-B6878B0D9334}.Release|Any CPU.Build.0 = Release|Any CPU
		{2132D531-8BB2-46EC-B66D-30340977AE59}.Debug|Any CPU.ActiveCfg = Debug|Any CPU
		{2132D531-8BB2-46EC-B66D-30340977AE59}.Debug|Any CPU.Build.0 = Debug|Any CPU
		{2132D531-8BB2-46EC-B66D-30340977AE59}.Release|Any CPU.ActiveCfg = Release|Any CPU
		{2132D531-8BB2-46EC-B66D-30340977AE59}.Release|Any CPU.Build.0 = Release|Any CPU
		{27E406BE-306C-4D79-BBB7-B9BACAE591E1}.Debug|Any CPU.ActiveCfg = Debug|Any CPU
		{27E406BE-306C-4D79-BBB7-B9BACAE591E1}.Debug|Any CPU.Build.0 = Debug|Any CPU
		{27E406BE-306C-4D79-BBB7-B9BACAE591E1}.Release|Any CPU.ActiveCfg = Release|Any CPU
		{27E406BE-306C-4D79-BBB7-B9BACAE591E1}.Release|Any CPU.Build.0 = Release|Any CPU
	EndGlobalSection
	GlobalSection(SolutionProperties) = preSolution
		HideSolutionNode = FALSE
	EndGlobalSection
	GlobalSection(ExtensibilityGlobals) = postSolution
		SolutionGuid = {F3B5F7DD-17AB-4DA8-ACA8-7CD6D095BDDF}
	EndGlobalSection
EndGlobal
